
Microsoft Visual Studio Solution File, Format Version 12.00
# Visual Studio 2013
VisualStudioVersion = 12.0.21005.1
MinimumVisualStudioVersion = 10.0.40219.1
Project("{FAE04EC0-301F-11D3-BF4B-00C04F79EFBC}") = "01.FillPrintMatrix", "01.FillPrintMatrix\01.FillPrintMatrix.csproj", "{8AB63B7F-E297-42F3-B812-A8A80F343664}"
EndProject
Project("{FAE04EC0-301F-11D3-BF4B-00C04F79EFBC}") = "02.MaximalSumInSquare", "02.MaximalSumInSquare\02.MaximalSumInSquare.csproj", "{0424C793-7522-4E2C-9F08-091928DF5740}"
EndProject
Project("{FAE04EC0-301F-11D3-BF4B-00C04F79EFBC}") = "04.BinSearch", "04.BinSearch\04.BinSearch.csproj", "{7724C278-123D-4E22-97EA-4EB1998DA4D1}"
EndProject
Project("{FAE04EC0-301F-11D3-BF4B-00C04F79EFBC}") = "05.SortStringArray", "05.SortStringArray\05.SortStringArray.csproj", "{6DC78D15-6DFE-4CBB-A721-40C44191CAD8}"
EndProject
Project("{FAE04EC0-301F-11D3-BF4B-00C04F79EFBC}") = "06.ClassMatrix", "06.ClassMatrix\06.ClassMatrix.csproj", "{8741C3C2-8E38-4AEB-9D37-A3EC449EB7F1}"
EndProject
Project("{FAE04EC0-301F-11D3-BF4B-00C04F79EFBC}") = "03.Sequences", "03.Sequences\03.Sequences.csproj", "{D284087F-8E55-4C93-B941-0DD17161AF7F}"
EndProject
Global
	GlobalSection(SolutionConfigurationPlatforms) = preSolution
		Debug|Any CPU = Debug|Any CPU
		Debug|x86 = Debug|x86
		Release|Any CPU = Release|Any CPU
		Release|x86 = Release|x86
	EndGlobalSection
	GlobalSection(ProjectConfigurationPlatforms) = postSolution
		{8AB63B7F-E297-42F3-B812-A8A80F343664}.Debug|Any CPU.ActiveCfg = Debug|Any CPU
		{8AB63B7F-E297-42F3-B812-A8A80F343664}.Debug|Any CPU.Build.0 = Debug|Any CPU
		{8AB63B7F-E297-42F3-B812-A8A80F343664}.Debug|x86.ActiveCfg = Debug|x86
		{8AB63B7F-E297-42F3-B812-A8A80F343664}.Debug|x86.Build.0 = Debug|x86
		{8AB63B7F-E297-42F3-B812-A8A80F343664}.Release|Any CPU.ActiveCfg = Release|Any CPU
		{8AB63B7F-E297-42F3-B812-A8A80F343664}.Release|Any CPU.Build.0 = Release|Any CPU
		{8AB63B7F-E297-42F3-B812-A8A80F343664}.Release|x86.ActiveCfg = Release|x86
		{8AB63B7F-E297-42F3-B812-A8A80F343664}.Release|x86.Build.0 = Release|x86
		{0424C793-7522-4E2C-9F08-091928DF5740}.Debug|Any CPU.ActiveCfg = Debug|Any CPU
		{0424C793-7522-4E2C-9F08-091928DF5740}.Debug|Any CPU.Build.0 = Debug|Any CPU
		{0424C793-7522-4E2C-9F08-091928DF5740}.Debug|x86.ActiveCfg = Debug|x86
		{0424C793-7522-4E2C-9F08-091928DF5740}.Debug|x86.Build.0 = Debug|x86
		{0424C793-7522-4E2C-9F08-091928DF5740}.Release|Any CPU.ActiveCfg = Release|Any CPU
		{0424C793-7522-4E2C-9F08-091928DF5740}.Release|Any CPU.Build.0 = Release|Any CPU
		{0424C793-7522-4E2C-9F08-091928DF5740}.Release|x86.ActiveCfg = Release|x86
		{0424C793-7522-4E2C-9F08-091928DF5740}.Release|x86.Build.0 = Release|x86
		{7724C278-123D-4E22-97EA-4EB1998DA4D1}.Debug|Any CPU.ActiveCfg = Debug|Any CPU
		{7724C278-123D-4E22-97EA-4EB1998DA4D1}.Debug|Any CPU.Build.0 = Debug|Any CPU
		{7724C278-123D-4E22-97EA-4EB1998DA4D1}.Debug|x86.ActiveCfg = Debug|x86
		{7724C278-123D-4E22-97EA-4EB1998DA4D1}.Debug|x86.Build.0 = Debug|x86
		{7724C278-123D-4E22-97EA-4EB1998DA4D1}.Release|Any CPU.ActiveCfg = Release|Any CPU
		{7724C278-123D-4E22-97EA-4EB1998DA4D1}.Release|Any CPU.Build.0 = Release|Any CPU
		{7724C278-123D-4E22-97EA-4EB1998DA4D1}.Release|x86.ActiveCfg = Release|x86
		{7724C278-123D-4E22-97EA-4EB1998DA4D1}.Release|x86.Build.0 = Release|x86
		{6DC78D15-6DFE-4CBB-A721-40C44191CAD8}.Debug|Any CPU.ActiveCfg = Debug|Any CPU
		{6DC78D15-6DFE-4CBB-A721-40C44191CAD8}.Debug|Any CPU.Build.0 = Debug|Any CPU
		{6DC78D15-6DFE-4CBB-A721-40C44191CAD8}.Debug|x86.ActiveCfg = Debug|x86
		{6DC78D15-6DFE-4CBB-A721-40C44191CAD8}.Debug|x86.Build.0 = Debug|x86
		{6DC78D15-6DFE-4CBB-A721-40C44191CAD8}.Release|Any CPU.ActiveCfg = Release|Any CPU
		{6DC78D15-6DFE-4CBB-A721-40C44191CAD8}.Release|Any CPU.Build.0 = Release|Any CPU
		{6DC78D15-6DFE-4CBB-A721-40C44191CAD8}.Release|x86.ActiveCfg = Release|x86
		{6DC78D15-6DFE-4CBB-A721-40C44191CAD8}.Release|x86.Build.0 = Release|x86
		{8741C3C2-8E38-4AEB-9D37-A3EC449EB7F1}.Debug|Any CPU.ActiveCfg = Debug|Any CPU
		{8741C3C2-8E38-4AEB-9D37-A3EC449EB7F1}.Debug|Any CPU.Build.0 = Debug|Any CPU
		{8741C3C2-8E38-4AEB-9D37-A3EC449EB7F1}.Debug|x86.ActiveCfg = Debug|x86
		{8741C3C2-8E38-4AEB-9D37-A3EC449EB7F1}.Debug|x86.Build.0 = Debug|x86
		{8741C3C2-8E38-4AEB-9D37-A3EC449EB7F1}.Release|Any CPU.ActiveCfg = Release|Any CPU
		{8741C3C2-8E38-4AEB-9D37-A3EC449EB7F1}.Release|Any CPU.Build.0 = Release|Any CPU
		{8741C3C2-8E38-4AEB-9D37-A3EC449EB7F1}.Release|x86.ActiveCfg = Release|x86
		{8741C3C2-8E38-4AEB-9D37-A3EC449EB7F1}.Release|x86.Build.0 = Release|x86
		{D284087F-8E55-4C93-B941-0DD17161AF7F}.Debug|Any CPU.ActiveCfg = Debug|Any CPU
		{D284087F-8E55-4C93-B941-0DD17161AF7F}.Debug|Any CPU.Build.0 = Debug|Any CPU
		{D284087F-8E55-4C93-B941-0DD17161AF7F}.Debug|x86.ActiveCfg = Debug|x86
		{D284087F-8E55-4C93-B941-0DD17161AF7F}.Debug|x86.Build.0 = Debug|x86
		{D284087F-8E55-4C93-B941-0DD17161AF7F}.Release|Any CPU.ActiveCfg = Release|Any CPU
		{D284087F-8E55-4C93-B941-0DD17161AF7F}.Release|Any CPU.Build.0 = Release|Any CPU
		{D284087F-8E55-4C93-B941-0DD17161AF7F}.Release|x86.ActiveCfg = Release|x86
		{D284087F-8E55-4C93-B941-0DD17161AF7F}.Release|x86.Build.0 = Release|x86
	EndGlobalSection
	GlobalSection(SolutionProperties) = preSolution
		HideSolutionNode = FALSE
	EndGlobalSection
EndGlobal
