
Microsoft Visual Studio Solution File, Format Version 12.00
# Visual Studio 2012
Project("{FAE04EC0-301F-11D3-BF4B-00C04F79EFBC}") = "1.DecToBin", "1.DecToBin\1.DecToBin.csproj", "{B3D35F3E-B083-43C1-93E7-FF5C7CD5AE59}"
EndProject
Project("{FAE04EC0-301F-11D3-BF4B-00C04F79EFBC}") = "2.BinToDec", "2.BinToDec\2.BinToDec.csproj", "{4099DD70-2658-410B-A0C7-3F530C7A0448}"
EndProject
Project("{FAE04EC0-301F-11D3-BF4B-00C04F79EFBC}") = "3.DecToHex", "3.DecToHex\3.DecToHex.csproj", "{F1D5292D-1638-433C-9752-378626FBFD47}"
EndProject
Project("{FAE04EC0-301F-11D3-BF4B-00C04F79EFBC}") = "4.HexToDec", "4.HexToDec\4.HexToDec.csproj", "{C435DFA6-0C41-42D2-830F-D07E0999F231}"
EndProject
Project("{FAE04EC0-301F-11D3-BF4B-00C04F79EFBC}") = "5.HexToBin", "5.HexToBin\5.HexToBin.csproj", "{53631A9E-484A-4444-814A-5D0D69986DF2}"
EndProject
Project("{FAE04EC0-301F-11D3-BF4B-00C04F79EFBC}") = "6.BinToHex", "6.BinToHex\6.BinToHex.csproj", "{FA2EBF61-D9F7-4580-85BE-093506414CDB}"
EndProject
Project("{FAE04EC0-301F-11D3-BF4B-00C04F79EFBC}") = "7.AnyToAny", "7.AnyToAny\7.AnyToAny.csproj", "{712BED63-7F6E-410A-B502-3D114FA29E54}"
EndProject
Project("{FAE04EC0-301F-11D3-BF4B-00C04F79EFBC}") = "8.ShortAsBinRepresentation", "8.ShortAsBinRepresentation\8.ShortAsBinRepresentation.csproj", "{A17A6301-9670-4764-87C1-DBB6F1BB0255}"
EndProject
Project("{FAE04EC0-301F-11D3-BF4B-00C04F79EFBC}") = "9.IEEE754Representation - not", "9.IEEE754Representation\9.IEEE754Representation - not.csproj", "{88A5B511-04D8-40E8-9493-91424312B753}"
EndProject
Global
	GlobalSection(SolutionConfigurationPlatforms) = preSolution
		Debug|Any CPU = Debug|Any CPU
		Debug|x86 = Debug|x86
		Release|Any CPU = Release|Any CPU
		Release|x86 = Release|x86
	EndGlobalSection
	GlobalSection(ProjectConfigurationPlatforms) = postSolution
		{B3D35F3E-B083-43C1-93E7-FF5C7CD5AE59}.Debug|Any CPU.ActiveCfg = Debug|Any CPU
		{B3D35F3E-B083-43C1-93E7-FF5C7CD5AE59}.Debug|Any CPU.Build.0 = Debug|Any CPU
		{B3D35F3E-B083-43C1-93E7-FF5C7CD5AE59}.Debug|x86.ActiveCfg = Debug|x86
		{B3D35F3E-B083-43C1-93E7-FF5C7CD5AE59}.Debug|x86.Build.0 = Debug|x86
		{B3D35F3E-B083-43C1-93E7-FF5C7CD5AE59}.Release|Any CPU.ActiveCfg = Release|Any CPU
		{B3D35F3E-B083-43C1-93E7-FF5C7CD5AE59}.Release|Any CPU.Build.0 = Release|Any CPU
		{B3D35F3E-B083-43C1-93E7-FF5C7CD5AE59}.Release|x86.ActiveCfg = Release|x86
		{B3D35F3E-B083-43C1-93E7-FF5C7CD5AE59}.Release|x86.Build.0 = Release|x86
		{4099DD70-2658-410B-A0C7-3F530C7A0448}.Debug|Any CPU.ActiveCfg = Debug|Any CPU
		{4099DD70-2658-410B-A0C7-3F530C7A0448}.Debug|Any CPU.Build.0 = Debug|Any CPU
		{4099DD70-2658-410B-A0C7-3F530C7A0448}.Debug|x86.ActiveCfg = Debug|x86
		{4099DD70-2658-410B-A0C7-3F530C7A0448}.Debug|x86.Build.0 = Debug|x86
		{4099DD70-2658-410B-A0C7-3F530C7A0448}.Release|Any CPU.ActiveCfg = Release|Any CPU
		{4099DD70-2658-410B-A0C7-3F530C7A0448}.Release|Any CPU.Build.0 = Release|Any CPU
		{4099DD70-2658-410B-A0C7-3F530C7A0448}.Release|x86.ActiveCfg = Release|x86
		{4099DD70-2658-410B-A0C7-3F530C7A0448}.Release|x86.Build.0 = Release|x86
		{F1D5292D-1638-433C-9752-378626FBFD47}.Debug|Any CPU.ActiveCfg = Debug|Any CPU
		{F1D5292D-1638-433C-9752-378626FBFD47}.Debug|Any CPU.Build.0 = Debug|Any CPU
		{F1D5292D-1638-433C-9752-378626FBFD47}.Debug|x86.ActiveCfg = Debug|x86
		{F1D5292D-1638-433C-9752-378626FBFD47}.Debug|x86.Build.0 = Debug|x86
		{F1D5292D-1638-433C-9752-378626FBFD47}.Release|Any CPU.ActiveCfg = Release|Any CPU
		{F1D5292D-1638-433C-9752-378626FBFD47}.Release|Any CPU.Build.0 = Release|Any CPU
		{F1D5292D-1638-433C-9752-378626FBFD47}.Release|x86.ActiveCfg = Release|x86
		{F1D5292D-1638-433C-9752-378626FBFD47}.Release|x86.Build.0 = Release|x86
		{C435DFA6-0C41-42D2-830F-D07E0999F231}.Debug|Any CPU.ActiveCfg = Debug|Any CPU
		{C435DFA6-0C41-42D2-830F-D07E0999F231}.Debug|Any CPU.Build.0 = Debug|Any CPU
		{C435DFA6-0C41-42D2-830F-D07E0999F231}.Debug|x86.ActiveCfg = Debug|x86
		{C435DFA6-0C41-42D2-830F-D07E0999F231}.Debug|x86.Build.0 = Debug|x86
		{C435DFA6-0C41-42D2-830F-D07E0999F231}.Release|Any CPU.ActiveCfg = Release|Any CPU
		{C435DFA6-0C41-42D2-830F-D07E0999F231}.Release|Any CPU.Build.0 = Release|Any CPU
		{C435DFA6-0C41-42D2-830F-D07E0999F231}.Release|x86.ActiveCfg = Release|x86
		{C435DFA6-0C41-42D2-830F-D07E0999F231}.Release|x86.Build.0 = Release|x86
		{53631A9E-484A-4444-814A-5D0D69986DF2}.Debug|Any CPU.ActiveCfg = Debug|Any CPU
		{53631A9E-484A-4444-814A-5D0D69986DF2}.Debug|Any CPU.Build.0 = Debug|Any CPU
		{53631A9E-484A-4444-814A-5D0D69986DF2}.Debug|x86.ActiveCfg = Debug|x86
		{53631A9E-484A-4444-814A-5D0D69986DF2}.Debug|x86.Build.0 = Debug|x86
		{53631A9E-484A-4444-814A-5D0D69986DF2}.Release|Any CPU.ActiveCfg = Release|Any CPU
		{53631A9E-484A-4444-814A-5D0D69986DF2}.Release|Any CPU.Build.0 = Release|Any CPU
		{53631A9E-484A-4444-814A-5D0D69986DF2}.Release|x86.ActiveCfg = Release|x86
		{53631A9E-484A-4444-814A-5D0D69986DF2}.Release|x86.Build.0 = Release|x86
		{FA2EBF61-D9F7-4580-85BE-093506414CDB}.Debug|Any CPU.ActiveCfg = Debug|Any CPU
		{FA2EBF61-D9F7-4580-85BE-093506414CDB}.Debug|Any CPU.Build.0 = Debug|Any CPU
		{FA2EBF61-D9F7-4580-85BE-093506414CDB}.Debug|x86.ActiveCfg = Debug|x86
		{FA2EBF61-D9F7-4580-85BE-093506414CDB}.Debug|x86.Build.0 = Debug|x86
		{FA2EBF61-D9F7-4580-85BE-093506414CDB}.Release|Any CPU.ActiveCfg = Release|Any CPU
		{FA2EBF61-D9F7-4580-85BE-093506414CDB}.Release|Any CPU.Build.0 = Release|Any CPU
		{FA2EBF61-D9F7-4580-85BE-093506414CDB}.Release|x86.ActiveCfg = Release|x86
		{FA2EBF61-D9F7-4580-85BE-093506414CDB}.Release|x86.Build.0 = Release|x86
		{712BED63-7F6E-410A-B502-3D114FA29E54}.Debug|Any CPU.ActiveCfg = Debug|Any CPU
		{712BED63-7F6E-410A-B502-3D114FA29E54}.Debug|Any CPU.Build.0 = Debug|Any CPU
		{712BED63-7F6E-410A-B502-3D114FA29E54}.Debug|x86.ActiveCfg = Debug|x86
		{712BED63-7F6E-410A-B502-3D114FA29E54}.Debug|x86.Build.0 = Debug|x86
		{712BED63-7F6E-410A-B502-3D114FA29E54}.Release|Any CPU.ActiveCfg = Release|Any CPU
		{712BED63-7F6E-410A-B502-3D114FA29E54}.Release|Any CPU.Build.0 = Release|Any CPU
		{712BED63-7F6E-410A-B502-3D114FA29E54}.Release|x86.ActiveCfg = Release|x86
		{712BED63-7F6E-410A-B502-3D114FA29E54}.Release|x86.Build.0 = Release|x86
		{A17A6301-9670-4764-87C1-DBB6F1BB0255}.Debug|Any CPU.ActiveCfg = Debug|Any CPU
		{A17A6301-9670-4764-87C1-DBB6F1BB0255}.Debug|Any CPU.Build.0 = Debug|Any CPU
		{A17A6301-9670-4764-87C1-DBB6F1BB0255}.Debug|x86.ActiveCfg = Debug|x86
		{A17A6301-9670-4764-87C1-DBB6F1BB0255}.Debug|x86.Build.0 = Debug|x86
		{A17A6301-9670-4764-87C1-DBB6F1BB0255}.Release|Any CPU.ActiveCfg = Release|Any CPU
		{A17A6301-9670-4764-87C1-DBB6F1BB0255}.Release|Any CPU.Build.0 = Release|Any CPU
		{A17A6301-9670-4764-87C1-DBB6F1BB0255}.Release|x86.ActiveCfg = Release|x86
		{A17A6301-9670-4764-87C1-DBB6F1BB0255}.Release|x86.Build.0 = Release|x86
		{88A5B511-04D8-40E8-9493-91424312B753}.Debug|Any CPU.ActiveCfg = Debug|Any CPU
		{88A5B511-04D8-40E8-9493-91424312B753}.Debug|Any CPU.Build.0 = Debug|Any CPU
		{88A5B511-04D8-40E8-9493-91424312B753}.Debug|x86.ActiveCfg = Debug|x86
		{88A5B511-04D8-40E8-9493-91424312B753}.Debug|x86.Build.0 = Debug|x86
		{88A5B511-04D8-40E8-9493-91424312B753}.Release|Any CPU.ActiveCfg = Release|Any CPU
		{88A5B511-04D8-40E8-9493-91424312B753}.Release|Any CPU.Build.0 = Release|Any CPU
		{88A5B511-04D8-40E8-9493-91424312B753}.Release|x86.ActiveCfg = Release|x86
		{88A5B511-04D8-40E8-9493-91424312B753}.Release|x86.Build.0 = Release|x86
	EndGlobalSection
	GlobalSection(SolutionProperties) = preSolution
		HideSolutionNode = FALSE
	EndGlobalSection
EndGlobal
