
Microsoft Visual Studio Solution File, Format Version 12.00
# Visual Studio 2013
VisualStudioVersion = 12.0.30110.0
MinimumVisualStudioVersion = 10.0.40219.1
Project("{FAE04EC0-301F-11D3-BF4B-00C04F79EFBC}") = "MobilePhone (1,2,3,4,5,6,8,9,10,11)", "GSM\MobilePhone (1,2,3,4,5,6,8,9,10,11).csproj", "{D1D0612B-88EA-4212-B067-D5CA6BB88ED1}"
EndProject
Project("{FAE04EC0-301F-11D3-BF4B-00C04F79EFBC}") = "GSMTestCode (7)", "GSMTestCode\GSMTestCode (7).csproj", "{A0B2AFC8-391E-4F5D-9CCE-536E9620E40D}"
EndProject
Project("{FAE04EC0-301F-11D3-BF4B-00C04F79EFBC}") = "GSMCallHistoryTestClass (12)", "GSMCallHistoryTestClass\GSMCallHistoryTestClass (12).csproj", "{192DB498-03B6-47F5-8A57-9ABB5EFCEF1D}"
EndProject
Global
	GlobalSection(SolutionConfigurationPlatforms) = preSolution
		Debug|Any CPU = Debug|Any CPU
		Release|Any CPU = Release|Any CPU
	EndGlobalSection
	GlobalSection(ProjectConfigurationPlatforms) = postSolution
		{D1D0612B-88EA-4212-B067-D5CA6BB88ED1}.Debug|Any CPU.ActiveCfg = Debug|Any CPU
		{D1D0612B-88EA-4212-B067-D5CA6BB88ED1}.Debug|Any CPU.Build.0 = Debug|Any CPU
		{D1D0612B-88EA-4212-B067-D5CA6BB88ED1}.Release|Any CPU.ActiveCfg = Release|Any CPU
		{D1D0612B-88EA-4212-B067-D5CA6BB88ED1}.Release|Any CPU.Build.0 = Release|Any CPU
		{A0B2AFC8-391E-4F5D-9CCE-536E9620E40D}.Debug|Any CPU.ActiveCfg = Debug|Any CPU
		{A0B2AFC8-391E-4F5D-9CCE-536E9620E40D}.Debug|Any CPU.Build.0 = Debug|Any CPU
		{A0B2AFC8-391E-4F5D-9CCE-536E9620E40D}.Release|Any CPU.ActiveCfg = Release|Any CPU
		{A0B2AFC8-391E-4F5D-9CCE-536E9620E40D}.Release|Any CPU.Build.0 = Release|Any CPU
		{192DB498-03B6-47F5-8A57-9ABB5EFCEF1D}.Debug|Any CPU.ActiveCfg = Debug|Any CPU
		{192DB498-03B6-47F5-8A57-9ABB5EFCEF1D}.Debug|Any CPU.Build.0 = Debug|Any CPU
		{192DB498-03B6-47F5-8A57-9ABB5EFCEF1D}.Release|Any CPU.ActiveCfg = Release|Any CPU
		{192DB498-03B6-47F5-8A57-9ABB5EFCEF1D}.Release|Any CPU.Build.0 = Release|Any CPU
	EndGlobalSection
	GlobalSection(SolutionProperties) = preSolution
		HideSolutionNode = FALSE
	EndGlobalSection
EndGlobal
