
Microsoft Visual Studio Solution File, Format Version 12.00
# Visual Studio 2012
Project("{FAE04EC0-301F-11D3-BF4B-00C04F79EFBC}") = "1.FiveVariables", "1.FiveVariables\1.FiveVariables.csproj", "{01CE5C96-7BE9-47D3-B082-6C01CAB56A4D}"
EndProject
Project("{FAE04EC0-301F-11D3-BF4B-00C04F79EFBC}") = "2.AssignReal", "2.AssignReal\2.AssignReal.csproj", "{965FBDA3-6253-4557-A518-4E6F8A535F37}"
EndProject
Project("{FAE04EC0-301F-11D3-BF4B-00C04F79EFBC}") = "4.AssignHexToInt", "4.AssignHexToInt\4.AssignHexToInt.csproj", "{2BCE3AEA-5866-461F-8ECC-8EF607671256}"
EndProject
Project("{FAE04EC0-301F-11D3-BF4B-00C04F79EFBC}") = "3.CompareFloat", "3.CompareFloat\3.CompareFloat.csproj", "{2AE47CE4-FA7B-4F73-9F44-63B2B9208DAF}"
EndProject
Project("{FAE04EC0-301F-11D3-BF4B-00C04F79EFBC}") = "5.CharVariable", "5.CharVariable\5.CharVariable.csproj", "{B8C35526-D7D2-4146-A523-0BDD11F20FF8}"
EndProject
Project("{FAE04EC0-301F-11D3-BF4B-00C04F79EFBC}") = "6.Gender", "6.Gender\6.Gender.csproj", "{F20E04AB-8964-4823-9347-3B4AA4493467}"
EndProject
Project("{FAE04EC0-301F-11D3-BF4B-00C04F79EFBC}") = "7.ObjectHelloWorld", "7.ObjectHelloWorld\7.ObjectHelloWorld.csproj", "{D904CBEB-3452-4E14-9806-CEBE452344F7}"
EndProject
Project("{FAE04EC0-301F-11D3-BF4B-00C04F79EFBC}") = "8.StringQuotes", "8.StringQuotes\8.StringQuotes.csproj", "{0C941D91-10D4-4A9B-A980-51F17A530FA7}"
EndProject
Project("{FAE04EC0-301F-11D3-BF4B-00C04F79EFBC}") = "9.Triangle", "9.Triangle\9.Triangle.csproj", "{956334D1-4FAF-499E-B396-1D26476D944F}"
EndProject
Project("{FAE04EC0-301F-11D3-BF4B-00C04F79EFBC}") = "10.EmployeeRecords", "10.EmployeeRecords\10.EmployeeRecords.csproj", "{B5219CCA-097D-463D-9976-5A90FC33856A}"
EndProject
Project("{FAE04EC0-301F-11D3-BF4B-00C04F79EFBC}") = "11.ExchangeInt", "11.ExchangeInt\11.ExchangeInt.csproj", "{0C2E8F80-80FB-4739-A11E-A399E32FEE3F}"
EndProject
Project("{FAE04EC0-301F-11D3-BF4B-00C04F79EFBC}") = "12.PrintASCII", "12.PrintASCII\12.PrintASCII.csproj", "{1DF9C0F3-F5EB-4FA7-A1FA-1E9FD0777063}"
EndProject
Project("{FAE04EC0-301F-11D3-BF4B-00C04F79EFBC}") = "13.NullableVariables", "13.NullableVariables\13.NullableVariables.csproj", "{9D1BF5C5-A7F7-4DA2-BBA9-5EB56C52E8B4}"
EndProject
Project("{FAE04EC0-301F-11D3-BF4B-00C04F79EFBC}") = "14.BankAccountDetails", "14.BankAccountDetails\14.BankAccountDetails.csproj", "{40CB1BBA-CF16-4E98-A557-9F182B997B0E}"
EndProject
Project("{FAE04EC0-301F-11D3-BF4B-00C04F79EFBC}") = "11.ExchangeIntV2", "11.ExchangeIntV2\11.ExchangeIntV2.csproj", "{3B2CEAD5-350B-4969-B4EC-25C891C9F695}"
EndProject
Global
	GlobalSection(SolutionConfigurationPlatforms) = preSolution
		Debug|Any CPU = Debug|Any CPU
		Debug|x86 = Debug|x86
		Release|Any CPU = Release|Any CPU
		Release|x86 = Release|x86
	EndGlobalSection
	GlobalSection(ProjectConfigurationPlatforms) = postSolution
		{01CE5C96-7BE9-47D3-B082-6C01CAB56A4D}.Debug|Any CPU.ActiveCfg = Debug|Any CPU
		{01CE5C96-7BE9-47D3-B082-6C01CAB56A4D}.Debug|Any CPU.Build.0 = Debug|Any CPU
		{01CE5C96-7BE9-47D3-B082-6C01CAB56A4D}.Debug|x86.ActiveCfg = Debug|x86
		{01CE5C96-7BE9-47D3-B082-6C01CAB56A4D}.Debug|x86.Build.0 = Debug|x86
		{01CE5C96-7BE9-47D3-B082-6C01CAB56A4D}.Release|Any CPU.ActiveCfg = Release|Any CPU
		{01CE5C96-7BE9-47D3-B082-6C01CAB56A4D}.Release|Any CPU.Build.0 = Release|Any CPU
		{01CE5C96-7BE9-47D3-B082-6C01CAB56A4D}.Release|x86.ActiveCfg = Release|x86
		{01CE5C96-7BE9-47D3-B082-6C01CAB56A4D}.Release|x86.Build.0 = Release|x86
		{965FBDA3-6253-4557-A518-4E6F8A535F37}.Debug|Any CPU.ActiveCfg = Debug|Any CPU
		{965FBDA3-6253-4557-A518-4E6F8A535F37}.Debug|Any CPU.Build.0 = Debug|Any CPU
		{965FBDA3-6253-4557-A518-4E6F8A535F37}.Debug|x86.ActiveCfg = Debug|x86
		{965FBDA3-6253-4557-A518-4E6F8A535F37}.Debug|x86.Build.0 = Debug|x86
		{965FBDA3-6253-4557-A518-4E6F8A535F37}.Release|Any CPU.ActiveCfg = Release|Any CPU
		{965FBDA3-6253-4557-A518-4E6F8A535F37}.Release|Any CPU.Build.0 = Release|Any CPU
		{965FBDA3-6253-4557-A518-4E6F8A535F37}.Release|x86.ActiveCfg = Release|x86
		{965FBDA3-6253-4557-A518-4E6F8A535F37}.Release|x86.Build.0 = Release|x86
		{2BCE3AEA-5866-461F-8ECC-8EF607671256}.Debug|Any CPU.ActiveCfg = Debug|Any CPU
		{2BCE3AEA-5866-461F-8ECC-8EF607671256}.Debug|Any CPU.Build.0 = Debug|Any CPU
		{2BCE3AEA-5866-461F-8ECC-8EF607671256}.Debug|x86.ActiveCfg = Debug|x86
		{2BCE3AEA-5866-461F-8ECC-8EF607671256}.Debug|x86.Build.0 = Debug|x86
		{2BCE3AEA-5866-461F-8ECC-8EF607671256}.Release|Any CPU.ActiveCfg = Release|Any CPU
		{2BCE3AEA-5866-461F-8ECC-8EF607671256}.Release|Any CPU.Build.0 = Release|Any CPU
		{2BCE3AEA-5866-461F-8ECC-8EF607671256}.Release|x86.ActiveCfg = Release|x86
		{2BCE3AEA-5866-461F-8ECC-8EF607671256}.Release|x86.Build.0 = Release|x86
		{2AE47CE4-FA7B-4F73-9F44-63B2B9208DAF}.Debug|Any CPU.ActiveCfg = Debug|Any CPU
		{2AE47CE4-FA7B-4F73-9F44-63B2B9208DAF}.Debug|Any CPU.Build.0 = Debug|Any CPU
		{2AE47CE4-FA7B-4F73-9F44-63B2B9208DAF}.Debug|x86.ActiveCfg = Debug|x86
		{2AE47CE4-FA7B-4F73-9F44-63B2B9208DAF}.Debug|x86.Build.0 = Debug|x86
		{2AE47CE4-FA7B-4F73-9F44-63B2B9208DAF}.Release|Any CPU.ActiveCfg = Release|Any CPU
		{2AE47CE4-FA7B-4F73-9F44-63B2B9208DAF}.Release|Any CPU.Build.0 = Release|Any CPU
		{2AE47CE4-FA7B-4F73-9F44-63B2B9208DAF}.Release|x86.ActiveCfg = Release|x86
		{2AE47CE4-FA7B-4F73-9F44-63B2B9208DAF}.Release|x86.Build.0 = Release|x86
		{B8C35526-D7D2-4146-A523-0BDD11F20FF8}.Debug|Any CPU.ActiveCfg = Debug|Any CPU
		{B8C35526-D7D2-4146-A523-0BDD11F20FF8}.Debug|Any CPU.Build.0 = Debug|Any CPU
		{B8C35526-D7D2-4146-A523-0BDD11F20FF8}.Debug|x86.ActiveCfg = Debug|x86
		{B8C35526-D7D2-4146-A523-0BDD11F20FF8}.Debug|x86.Build.0 = Debug|x86
		{B8C35526-D7D2-4146-A523-0BDD11F20FF8}.Release|Any CPU.ActiveCfg = Release|Any CPU
		{B8C35526-D7D2-4146-A523-0BDD11F20FF8}.Release|Any CPU.Build.0 = Release|Any CPU
		{B8C35526-D7D2-4146-A523-0BDD11F20FF8}.Release|x86.ActiveCfg = Release|x86
		{B8C35526-D7D2-4146-A523-0BDD11F20FF8}.Release|x86.Build.0 = Release|x86
		{F20E04AB-8964-4823-9347-3B4AA4493467}.Debug|Any CPU.ActiveCfg = Debug|Any CPU
		{F20E04AB-8964-4823-9347-3B4AA4493467}.Debug|Any CPU.Build.0 = Debug|Any CPU
		{F20E04AB-8964-4823-9347-3B4AA4493467}.Debug|x86.ActiveCfg = Debug|x86
		{F20E04AB-8964-4823-9347-3B4AA4493467}.Debug|x86.Build.0 = Debug|x86
		{F20E04AB-8964-4823-9347-3B4AA4493467}.Release|Any CPU.ActiveCfg = Release|Any CPU
		{F20E04AB-8964-4823-9347-3B4AA4493467}.Release|Any CPU.Build.0 = Release|Any CPU
		{F20E04AB-8964-4823-9347-3B4AA4493467}.Release|x86.ActiveCfg = Release|x86
		{F20E04AB-8964-4823-9347-3B4AA4493467}.Release|x86.Build.0 = Release|x86
		{D904CBEB-3452-4E14-9806-CEBE452344F7}.Debug|Any CPU.ActiveCfg = Debug|Any CPU
		{D904CBEB-3452-4E14-9806-CEBE452344F7}.Debug|Any CPU.Build.0 = Debug|Any CPU
		{D904CBEB-3452-4E14-9806-CEBE452344F7}.Debug|x86.ActiveCfg = Debug|x86
		{D904CBEB-3452-4E14-9806-CEBE452344F7}.Debug|x86.Build.0 = Debug|x86
		{D904CBEB-3452-4E14-9806-CEBE452344F7}.Release|Any CPU.ActiveCfg = Release|Any CPU
		{D904CBEB-3452-4E14-9806-CEBE452344F7}.Release|Any CPU.Build.0 = Release|Any CPU
		{D904CBEB-3452-4E14-9806-CEBE452344F7}.Release|x86.ActiveCfg = Release|x86
		{D904CBEB-3452-4E14-9806-CEBE452344F7}.Release|x86.Build.0 = Release|x86
		{0C941D91-10D4-4A9B-A980-51F17A530FA7}.Debug|Any CPU.ActiveCfg = Debug|Any CPU
		{0C941D91-10D4-4A9B-A980-51F17A530FA7}.Debug|Any CPU.Build.0 = Debug|Any CPU
		{0C941D91-10D4-4A9B-A980-51F17A530FA7}.Debug|x86.ActiveCfg = Debug|x86
		{0C941D91-10D4-4A9B-A980-51F17A530FA7}.Debug|x86.Build.0 = Debug|x86
		{0C941D91-10D4-4A9B-A980-51F17A530FA7}.Release|Any CPU.ActiveCfg = Release|Any CPU
		{0C941D91-10D4-4A9B-A980-51F17A530FA7}.Release|Any CPU.Build.0 = Release|Any CPU
		{0C941D91-10D4-4A9B-A980-51F17A530FA7}.Release|x86.ActiveCfg = Release|x86
		{0C941D91-10D4-4A9B-A980-51F17A530FA7}.Release|x86.Build.0 = Release|x86
		{956334D1-4FAF-499E-B396-1D26476D944F}.Debug|Any CPU.ActiveCfg = Debug|Any CPU
		{956334D1-4FAF-499E-B396-1D26476D944F}.Debug|Any CPU.Build.0 = Debug|Any CPU
		{956334D1-4FAF-499E-B396-1D26476D944F}.Debug|x86.ActiveCfg = Debug|x86
		{956334D1-4FAF-499E-B396-1D26476D944F}.Debug|x86.Build.0 = Debug|x86
		{956334D1-4FAF-499E-B396-1D26476D944F}.Release|Any CPU.ActiveCfg = Release|Any CPU
		{956334D1-4FAF-499E-B396-1D26476D944F}.Release|Any CPU.Build.0 = Release|Any CPU
		{956334D1-4FAF-499E-B396-1D26476D944F}.Release|x86.ActiveCfg = Release|x86
		{956334D1-4FAF-499E-B396-1D26476D944F}.Release|x86.Build.0 = Release|x86
		{B5219CCA-097D-463D-9976-5A90FC33856A}.Debug|Any CPU.ActiveCfg = Debug|Any CPU
		{B5219CCA-097D-463D-9976-5A90FC33856A}.Debug|Any CPU.Build.0 = Debug|Any CPU
		{B5219CCA-097D-463D-9976-5A90FC33856A}.Debug|x86.ActiveCfg = Debug|x86
		{B5219CCA-097D-463D-9976-5A90FC33856A}.Debug|x86.Build.0 = Debug|x86
		{B5219CCA-097D-463D-9976-5A90FC33856A}.Release|Any CPU.ActiveCfg = Release|Any CPU
		{B5219CCA-097D-463D-9976-5A90FC33856A}.Release|Any CPU.Build.0 = Release|Any CPU
		{B5219CCA-097D-463D-9976-5A90FC33856A}.Release|x86.ActiveCfg = Release|x86
		{B5219CCA-097D-463D-9976-5A90FC33856A}.Release|x86.Build.0 = Release|x86
		{0C2E8F80-80FB-4739-A11E-A399E32FEE3F}.Debug|Any CPU.ActiveCfg = Debug|Any CPU
		{0C2E8F80-80FB-4739-A11E-A399E32FEE3F}.Debug|Any CPU.Build.0 = Debug|Any CPU
		{0C2E8F80-80FB-4739-A11E-A399E32FEE3F}.Debug|x86.ActiveCfg = Debug|x86
		{0C2E8F80-80FB-4739-A11E-A399E32FEE3F}.Debug|x86.Build.0 = Debug|x86
		{0C2E8F80-80FB-4739-A11E-A399E32FEE3F}.Release|Any CPU.ActiveCfg = Release|Any CPU
		{0C2E8F80-80FB-4739-A11E-A399E32FEE3F}.Release|Any CPU.Build.0 = Release|Any CPU
		{0C2E8F80-80FB-4739-A11E-A399E32FEE3F}.Release|x86.ActiveCfg = Release|x86
		{0C2E8F80-80FB-4739-A11E-A399E32FEE3F}.Release|x86.Build.0 = Release|x86
		{1DF9C0F3-F5EB-4FA7-A1FA-1E9FD0777063}.Debug|Any CPU.ActiveCfg = Debug|Any CPU
		{1DF9C0F3-F5EB-4FA7-A1FA-1E9FD0777063}.Debug|Any CPU.Build.0 = Debug|Any CPU
		{1DF9C0F3-F5EB-4FA7-A1FA-1E9FD0777063}.Debug|x86.ActiveCfg = Debug|x86
		{1DF9C0F3-F5EB-4FA7-A1FA-1E9FD0777063}.Debug|x86.Build.0 = Debug|x86
		{1DF9C0F3-F5EB-4FA7-A1FA-1E9FD0777063}.Release|Any CPU.ActiveCfg = Release|Any CPU
		{1DF9C0F3-F5EB-4FA7-A1FA-1E9FD0777063}.Release|Any CPU.Build.0 = Release|Any CPU
		{1DF9C0F3-F5EB-4FA7-A1FA-1E9FD0777063}.Release|x86.ActiveCfg = Release|x86
		{1DF9C0F3-F5EB-4FA7-A1FA-1E9FD0777063}.Release|x86.Build.0 = Release|x86
		{9D1BF5C5-A7F7-4DA2-BBA9-5EB56C52E8B4}.Debug|Any CPU.ActiveCfg = Debug|Any CPU
		{9D1BF5C5-A7F7-4DA2-BBA9-5EB56C52E8B4}.Debug|Any CPU.Build.0 = Debug|Any CPU
		{9D1BF5C5-A7F7-4DA2-BBA9-5EB56C52E8B4}.Debug|x86.ActiveCfg = Debug|x86
		{9D1BF5C5-A7F7-4DA2-BBA9-5EB56C52E8B4}.Debug|x86.Build.0 = Debug|x86
		{9D1BF5C5-A7F7-4DA2-BBA9-5EB56C52E8B4}.Release|Any CPU.ActiveCfg = Release|Any CPU
		{9D1BF5C5-A7F7-4DA2-BBA9-5EB56C52E8B4}.Release|Any CPU.Build.0 = Release|Any CPU
		{9D1BF5C5-A7F7-4DA2-BBA9-5EB56C52E8B4}.Release|x86.ActiveCfg = Release|x86
		{9D1BF5C5-A7F7-4DA2-BBA9-5EB56C52E8B4}.Release|x86.Build.0 = Release|x86
		{40CB1BBA-CF16-4E98-A557-9F182B997B0E}.Debug|Any CPU.ActiveCfg = Debug|Any CPU
		{40CB1BBA-CF16-4E98-A557-9F182B997B0E}.Debug|Any CPU.Build.0 = Debug|Any CPU
		{40CB1BBA-CF16-4E98-A557-9F182B997B0E}.Debug|x86.ActiveCfg = Debug|x86
		{40CB1BBA-CF16-4E98-A557-9F182B997B0E}.Debug|x86.Build.0 = Debug|x86
		{40CB1BBA-CF16-4E98-A557-9F182B997B0E}.Release|Any CPU.ActiveCfg = Release|Any CPU
		{40CB1BBA-CF16-4E98-A557-9F182B997B0E}.Release|Any CPU.Build.0 = Release|Any CPU
		{40CB1BBA-CF16-4E98-A557-9F182B997B0E}.Release|x86.ActiveCfg = Release|x86
		{40CB1BBA-CF16-4E98-A557-9F182B997B0E}.Release|x86.Build.0 = Release|x86
		{3B2CEAD5-350B-4969-B4EC-25C891C9F695}.Debug|Any CPU.ActiveCfg = Debug|Any CPU
		{3B2CEAD5-350B-4969-B4EC-25C891C9F695}.Debug|Any CPU.Build.0 = Debug|Any CPU
		{3B2CEAD5-350B-4969-B4EC-25C891C9F695}.Debug|x86.ActiveCfg = Debug|x86
		{3B2CEAD5-350B-4969-B4EC-25C891C9F695}.Debug|x86.Build.0 = Debug|x86
		{3B2CEAD5-350B-4969-B4EC-25C891C9F695}.Release|Any CPU.ActiveCfg = Release|Any CPU
		{3B2CEAD5-350B-4969-B4EC-25C891C9F695}.Release|Any CPU.Build.0 = Release|Any CPU
		{3B2CEAD5-350B-4969-B4EC-25C891C9F695}.Release|x86.ActiveCfg = Release|x86
		{3B2CEAD5-350B-4969-B4EC-25C891C9F695}.Release|x86.Build.0 = Release|x86
	EndGlobalSection
	GlobalSection(SolutionProperties) = preSolution
		HideSolutionNode = FALSE
	EndGlobalSection
EndGlobal
