
Microsoft Visual Studio Solution File, Format Version 12.00
# Visual Studio 2012
Project("{FAE04EC0-301F-11D3-BF4B-00C04F79EFBC}") = "02.ConcatenateTwoFiles", "2.ConcatenateTwoFiles\02.ConcatenateTwoFiles.csproj", "{ACCD1DD9-6127-407F-8100-8F0581DDF8BE}"
EndProject
Project("{FAE04EC0-301F-11D3-BF4B-00C04F79EFBC}") = "01.PrintOddLines", "1.PrintOddLines\01.PrintOddLines.csproj", "{6223A052-D5AA-4782-A159-6C95A607110B}"
EndProject
Project("{FAE04EC0-301F-11D3-BF4B-00C04F79EFBC}") = "03.AddLineNumbers", "3.AddLineNumbers\03.AddLineNumbers.csproj", "{A4B4071A-3CD4-45EA-BBC5-0B937818A86F}"
EndProject
Project("{FAE04EC0-301F-11D3-BF4B-00C04F79EFBC}") = "04.CompareFileLines", "4.CompareFileLines\04.CompareFileLines.csproj", "{03ECC8AF-3A1B-427A-B371-A43FB76470A9}"
EndProject
Project("{FAE04EC0-301F-11D3-BF4B-00C04F79EFBC}") = "05.MatrixSum", "5.MatrixSum\05.MatrixSum.csproj", "{31397A64-FAC8-47DF-AE82-E849210EB1CB}"
EndProject
Project("{FAE04EC0-301F-11D3-BF4B-00C04F79EFBC}") = "06.SortNames", "6.SortNames\06.SortNames.csproj", "{E77FB8B8-1637-49D2-B372-06B9902C6817}"
EndProject
Project("{FAE04EC0-301F-11D3-BF4B-00C04F79EFBC}") = "07.ReplaceSubstring", "7.ReplaceSubstring\07.ReplaceSubstring.csproj", "{BC51A391-4E6B-464F-925E-03C07E2CA9E1}"
EndProject
Project("{FAE04EC0-301F-11D3-BF4B-00C04F79EFBC}") = "08.ReplaceSubstringWord", "8.ReplaceSubstringWord\08.ReplaceSubstringWord.csproj", "{526531BA-21AA-405F-90B9-ADA05CD86148}"
EndProject
Project("{FAE04EC0-301F-11D3-BF4B-00C04F79EFBC}") = "09.DeleteOddLines", "9.DeleteOddLines\09.DeleteOddLines.csproj", "{96F9A069-ACFD-4EF4-8F12-539CFA816803}"
EndProject
Project("{FAE04EC0-301F-11D3-BF4B-00C04F79EFBC}") = "10.XMLText", "10.XMLText\10.XMLText.csproj", "{4BB19166-B363-4BA7-883D-C46844217BB1}"
EndProject
Project("{FAE04EC0-301F-11D3-BF4B-00C04F79EFBC}") = "11.DeleteWordsWithPrefix", "11.DeleteWordsWithPrefix\11.DeleteWordsWithPrefix.csproj", "{56B24F94-FF90-462D-A484-EA544DCC4625}"
EndProject
Project("{FAE04EC0-301F-11D3-BF4B-00C04F79EFBC}") = "12.RemoveWordsFromList", "12.RemoveWordsFromList\12.RemoveWordsFromList.csproj", "{7CA6B81F-B842-4048-B540-F76816B03911}"
EndProject
Project("{FAE04EC0-301F-11D3-BF4B-00C04F79EFBC}") = "13.CountWords", "13.CountWords\13.CountWords.csproj", "{589FED07-93A8-416E-BFDF-AA1555CFEA7D}"
EndProject
Global
	GlobalSection(SolutionConfigurationPlatforms) = preSolution
		Debug|x86 = Debug|x86
		Release|x86 = Release|x86
	EndGlobalSection
	GlobalSection(ProjectConfigurationPlatforms) = postSolution
		{ACCD1DD9-6127-407F-8100-8F0581DDF8BE}.Debug|x86.ActiveCfg = Debug|x86
		{ACCD1DD9-6127-407F-8100-8F0581DDF8BE}.Debug|x86.Build.0 = Debug|x86
		{ACCD1DD9-6127-407F-8100-8F0581DDF8BE}.Release|x86.ActiveCfg = Release|x86
		{ACCD1DD9-6127-407F-8100-8F0581DDF8BE}.Release|x86.Build.0 = Release|x86
		{6223A052-D5AA-4782-A159-6C95A607110B}.Debug|x86.ActiveCfg = Debug|x86
		{6223A052-D5AA-4782-A159-6C95A607110B}.Debug|x86.Build.0 = Debug|x86
		{6223A052-D5AA-4782-A159-6C95A607110B}.Release|x86.ActiveCfg = Release|x86
		{6223A052-D5AA-4782-A159-6C95A607110B}.Release|x86.Build.0 = Release|x86
		{A4B4071A-3CD4-45EA-BBC5-0B937818A86F}.Debug|x86.ActiveCfg = Debug|x86
		{A4B4071A-3CD4-45EA-BBC5-0B937818A86F}.Debug|x86.Build.0 = Debug|x86
		{A4B4071A-3CD4-45EA-BBC5-0B937818A86F}.Release|x86.ActiveCfg = Release|x86
		{A4B4071A-3CD4-45EA-BBC5-0B937818A86F}.Release|x86.Build.0 = Release|x86
		{03ECC8AF-3A1B-427A-B371-A43FB76470A9}.Debug|x86.ActiveCfg = Debug|x86
		{03ECC8AF-3A1B-427A-B371-A43FB76470A9}.Debug|x86.Build.0 = Debug|x86
		{03ECC8AF-3A1B-427A-B371-A43FB76470A9}.Release|x86.ActiveCfg = Release|x86
		{03ECC8AF-3A1B-427A-B371-A43FB76470A9}.Release|x86.Build.0 = Release|x86
		{31397A64-FAC8-47DF-AE82-E849210EB1CB}.Debug|x86.ActiveCfg = Debug|x86
		{31397A64-FAC8-47DF-AE82-E849210EB1CB}.Debug|x86.Build.0 = Debug|x86
		{31397A64-FAC8-47DF-AE82-E849210EB1CB}.Release|x86.ActiveCfg = Release|x86
		{31397A64-FAC8-47DF-AE82-E849210EB1CB}.Release|x86.Build.0 = Release|x86
		{E77FB8B8-1637-49D2-B372-06B9902C6817}.Debug|x86.ActiveCfg = Debug|x86
		{E77FB8B8-1637-49D2-B372-06B9902C6817}.Debug|x86.Build.0 = Debug|x86
		{E77FB8B8-1637-49D2-B372-06B9902C6817}.Release|x86.ActiveCfg = Release|x86
		{E77FB8B8-1637-49D2-B372-06B9902C6817}.Release|x86.Build.0 = Release|x86
		{BC51A391-4E6B-464F-925E-03C07E2CA9E1}.Debug|x86.ActiveCfg = Debug|x86
		{BC51A391-4E6B-464F-925E-03C07E2CA9E1}.Debug|x86.Build.0 = Debug|x86
		{BC51A391-4E6B-464F-925E-03C07E2CA9E1}.Release|x86.ActiveCfg = Release|x86
		{BC51A391-4E6B-464F-925E-03C07E2CA9E1}.Release|x86.Build.0 = Release|x86
		{526531BA-21AA-405F-90B9-ADA05CD86148}.Debug|x86.ActiveCfg = Debug|x86
		{526531BA-21AA-405F-90B9-ADA05CD86148}.Debug|x86.Build.0 = Debug|x86
		{526531BA-21AA-405F-90B9-ADA05CD86148}.Release|x86.ActiveCfg = Release|x86
		{526531BA-21AA-405F-90B9-ADA05CD86148}.Release|x86.Build.0 = Release|x86
		{96F9A069-ACFD-4EF4-8F12-539CFA816803}.Debug|x86.ActiveCfg = Debug|x86
		{96F9A069-ACFD-4EF4-8F12-539CFA816803}.Debug|x86.Build.0 = Debug|x86
		{96F9A069-ACFD-4EF4-8F12-539CFA816803}.Release|x86.ActiveCfg = Release|x86
		{96F9A069-ACFD-4EF4-8F12-539CFA816803}.Release|x86.Build.0 = Release|x86
		{4BB19166-B363-4BA7-883D-C46844217BB1}.Debug|x86.ActiveCfg = Debug|x86
		{4BB19166-B363-4BA7-883D-C46844217BB1}.Debug|x86.Build.0 = Debug|x86
		{4BB19166-B363-4BA7-883D-C46844217BB1}.Release|x86.ActiveCfg = Release|x86
		{4BB19166-B363-4BA7-883D-C46844217BB1}.Release|x86.Build.0 = Release|x86
		{56B24F94-FF90-462D-A484-EA544DCC4625}.Debug|x86.ActiveCfg = Debug|x86
		{56B24F94-FF90-462D-A484-EA544DCC4625}.Debug|x86.Build.0 = Debug|x86
		{56B24F94-FF90-462D-A484-EA544DCC4625}.Release|x86.ActiveCfg = Release|x86
		{56B24F94-FF90-462D-A484-EA544DCC4625}.Release|x86.Build.0 = Release|x86
		{7CA6B81F-B842-4048-B540-F76816B03911}.Debug|x86.ActiveCfg = Debug|x86
		{7CA6B81F-B842-4048-B540-F76816B03911}.Debug|x86.Build.0 = Debug|x86
		{7CA6B81F-B842-4048-B540-F76816B03911}.Release|x86.ActiveCfg = Release|x86
		{7CA6B81F-B842-4048-B540-F76816B03911}.Release|x86.Build.0 = Release|x86
		{589FED07-93A8-416E-BFDF-AA1555CFEA7D}.Debug|x86.ActiveCfg = Debug|x86
		{589FED07-93A8-416E-BFDF-AA1555CFEA7D}.Debug|x86.Build.0 = Debug|x86
		{589FED07-93A8-416E-BFDF-AA1555CFEA7D}.Release|x86.ActiveCfg = Release|x86
		{589FED07-93A8-416E-BFDF-AA1555CFEA7D}.Release|x86.Build.0 = Release|x86
	EndGlobalSection
	GlobalSection(SolutionProperties) = preSolution
		HideSolutionNode = FALSE
	EndGlobalSection
EndGlobal
