
Microsoft Visual Studio Solution File, Format Version 12.00
# Visual Studio 2012
Project("{FAE04EC0-301F-11D3-BF4B-00C04F79EFBC}") = "01.StructPoint3D", "01.StructPoint3D\01.StructPoint3D.csproj", "{9E73B0A6-D527-4250-84FE-667594A4BE51}"
EndProject
Project("{FAE04EC0-301F-11D3-BF4B-00C04F79EFBC}") = "02.ReadOnlyField", "02.ReadOnlyField\02.ReadOnlyField.csproj", "{70284793-FEA6-49CD-A9E6-344A8F0FDE9A}"
EndProject
Project("{FAE04EC0-301F-11D3-BF4B-00C04F79EFBC}") = "03.Distance3D", "03.Distance3D\03.Distance3D.csproj", "{36421C44-34A9-4464-9E53-FEBF724FDF5A}"
EndProject
Project("{FAE04EC0-301F-11D3-BF4B-00C04F79EFBC}") = "test", "test\test.csproj", "{2A5FFF73-FA3A-4D2E-9684-4727284DB51F}"
EndProject
Project("{FAE04EC0-301F-11D3-BF4B-00C04F79EFBC}") = "04.PathAndPathStorage", "04.PathAndPathStorage\04.PathAndPathStorage.csproj", "{237E4C9F-FF50-4410-AF35-CECB34EA7D5D}"
EndProject
Project("{FAE04EC0-301F-11D3-BF4B-00C04F79EFBC}") = "05.GenericClass", "05.GenericClass\05.GenericClass.csproj", "{D51CD553-7AE8-475D-8C7E-83EBBBC55538}"
EndProject
Project("{FAE04EC0-301F-11D3-BF4B-00C04F79EFBC}") = "06.GenericListGrow", "06.GenericListGrow\06.GenericListGrow.csproj", "{663FB88F-CC0C-46FE-9E5A-6B4C8DFFED22}"
EndProject
Project("{FAE04EC0-301F-11D3-BF4B-00C04F79EFBC}") = "07.GenericListMinMax", "07.GenericListMinMax\07.GenericListMinMax.csproj", "{D708CD85-1C3A-4CCE-9E28-CCC911F55092}"
EndProject
Project("{FAE04EC0-301F-11D3-BF4B-00C04F79EFBC}") = "08.GenericMatrix", "08.GenericMatrix\08.GenericMatrix.csproj", "{635EDAA4-E4B6-4EE7-8D01-BFA4FF39D01F}"
EndProject
Project("{FAE04EC0-301F-11D3-BF4B-00C04F79EFBC}") = "09.GenericMatrixIndexer", "09.GenericMatrixIndexer\09.GenericMatrixIndexer.csproj", "{71AAF739-B005-413C-9106-624509F6F3EB}"
EndProject
Project("{FAE04EC0-301F-11D3-BF4B-00C04F79EFBC}") = "10.GenericMatrixOperators", "10.GenericMatrixOperators\10.GenericMatrixOperators.csproj", "{5462FD9B-35C4-4752-95CA-71779D70FD15}"
EndProject
Project("{FAE04EC0-301F-11D3-BF4B-00C04F79EFBC}") = "11.VersionAttribute", "11.VersionAttribute\11.VersionAttribute.csproj", "{DFBA9A21-5EAE-4175-B891-90979CA70F4A}"
EndProject
Global
	GlobalSection(SolutionConfigurationPlatforms) = preSolution
		Debug|Any CPU = Debug|Any CPU
		Release|Any CPU = Release|Any CPU
	EndGlobalSection
	GlobalSection(ProjectConfigurationPlatforms) = postSolution
		{9E73B0A6-D527-4250-84FE-667594A4BE51}.Debug|Any CPU.ActiveCfg = Debug|Any CPU
		{9E73B0A6-D527-4250-84FE-667594A4BE51}.Debug|Any CPU.Build.0 = Debug|Any CPU
		{9E73B0A6-D527-4250-84FE-667594A4BE51}.Release|Any CPU.ActiveCfg = Release|Any CPU
		{9E73B0A6-D527-4250-84FE-667594A4BE51}.Release|Any CPU.Build.0 = Release|Any CPU
		{70284793-FEA6-49CD-A9E6-344A8F0FDE9A}.Debug|Any CPU.ActiveCfg = Debug|Any CPU
		{70284793-FEA6-49CD-A9E6-344A8F0FDE9A}.Debug|Any CPU.Build.0 = Debug|Any CPU
		{70284793-FEA6-49CD-A9E6-344A8F0FDE9A}.Release|Any CPU.ActiveCfg = Release|Any CPU
		{70284793-FEA6-49CD-A9E6-344A8F0FDE9A}.Release|Any CPU.Build.0 = Release|Any CPU
		{36421C44-34A9-4464-9E53-FEBF724FDF5A}.Debug|Any CPU.ActiveCfg = Debug|Any CPU
		{36421C44-34A9-4464-9E53-FEBF724FDF5A}.Debug|Any CPU.Build.0 = Debug|Any CPU
		{36421C44-34A9-4464-9E53-FEBF724FDF5A}.Release|Any CPU.ActiveCfg = Release|Any CPU
		{36421C44-34A9-4464-9E53-FEBF724FDF5A}.Release|Any CPU.Build.0 = Release|Any CPU
		{2A5FFF73-FA3A-4D2E-9684-4727284DB51F}.Debug|Any CPU.ActiveCfg = Debug|Any CPU
		{2A5FFF73-FA3A-4D2E-9684-4727284DB51F}.Debug|Any CPU.Build.0 = Debug|Any CPU
		{2A5FFF73-FA3A-4D2E-9684-4727284DB51F}.Release|Any CPU.ActiveCfg = Release|Any CPU
		{2A5FFF73-FA3A-4D2E-9684-4727284DB51F}.Release|Any CPU.Build.0 = Release|Any CPU
		{237E4C9F-FF50-4410-AF35-CECB34EA7D5D}.Debug|Any CPU.ActiveCfg = Debug|Any CPU
		{237E4C9F-FF50-4410-AF35-CECB34EA7D5D}.Debug|Any CPU.Build.0 = Debug|Any CPU
		{237E4C9F-FF50-4410-AF35-CECB34EA7D5D}.Release|Any CPU.ActiveCfg = Release|Any CPU
		{237E4C9F-FF50-4410-AF35-CECB34EA7D5D}.Release|Any CPU.Build.0 = Release|Any CPU
		{D51CD553-7AE8-475D-8C7E-83EBBBC55538}.Debug|Any CPU.ActiveCfg = Debug|Any CPU
		{D51CD553-7AE8-475D-8C7E-83EBBBC55538}.Debug|Any CPU.Build.0 = Debug|Any CPU
		{D51CD553-7AE8-475D-8C7E-83EBBBC55538}.Release|Any CPU.ActiveCfg = Release|Any CPU
		{D51CD553-7AE8-475D-8C7E-83EBBBC55538}.Release|Any CPU.Build.0 = Release|Any CPU
		{663FB88F-CC0C-46FE-9E5A-6B4C8DFFED22}.Debug|Any CPU.ActiveCfg = Debug|Any CPU
		{663FB88F-CC0C-46FE-9E5A-6B4C8DFFED22}.Debug|Any CPU.Build.0 = Debug|Any CPU
		{663FB88F-CC0C-46FE-9E5A-6B4C8DFFED22}.Release|Any CPU.ActiveCfg = Release|Any CPU
		{663FB88F-CC0C-46FE-9E5A-6B4C8DFFED22}.Release|Any CPU.Build.0 = Release|Any CPU
		{D708CD85-1C3A-4CCE-9E28-CCC911F55092}.Debug|Any CPU.ActiveCfg = Debug|Any CPU
		{D708CD85-1C3A-4CCE-9E28-CCC911F55092}.Debug|Any CPU.Build.0 = Debug|Any CPU
		{D708CD85-1C3A-4CCE-9E28-CCC911F55092}.Release|Any CPU.ActiveCfg = Release|Any CPU
		{D708CD85-1C3A-4CCE-9E28-CCC911F55092}.Release|Any CPU.Build.0 = Release|Any CPU
		{635EDAA4-E4B6-4EE7-8D01-BFA4FF39D01F}.Debug|Any CPU.ActiveCfg = Debug|Any CPU
		{635EDAA4-E4B6-4EE7-8D01-BFA4FF39D01F}.Debug|Any CPU.Build.0 = Debug|Any CPU
		{635EDAA4-E4B6-4EE7-8D01-BFA4FF39D01F}.Release|Any CPU.ActiveCfg = Release|Any CPU
		{635EDAA4-E4B6-4EE7-8D01-BFA4FF39D01F}.Release|Any CPU.Build.0 = Release|Any CPU
		{71AAF739-B005-413C-9106-624509F6F3EB}.Debug|Any CPU.ActiveCfg = Debug|Any CPU
		{71AAF739-B005-413C-9106-624509F6F3EB}.Debug|Any CPU.Build.0 = Debug|Any CPU
		{71AAF739-B005-413C-9106-624509F6F3EB}.Release|Any CPU.ActiveCfg = Release|Any CPU
		{71AAF739-B005-413C-9106-624509F6F3EB}.Release|Any CPU.Build.0 = Release|Any CPU
		{5462FD9B-35C4-4752-95CA-71779D70FD15}.Debug|Any CPU.ActiveCfg = Debug|Any CPU
		{5462FD9B-35C4-4752-95CA-71779D70FD15}.Debug|Any CPU.Build.0 = Debug|Any CPU
		{5462FD9B-35C4-4752-95CA-71779D70FD15}.Release|Any CPU.ActiveCfg = Release|Any CPU
		{5462FD9B-35C4-4752-95CA-71779D70FD15}.Release|Any CPU.Build.0 = Release|Any CPU
		{DFBA9A21-5EAE-4175-B891-90979CA70F4A}.Debug|Any CPU.ActiveCfg = Debug|Any CPU
		{DFBA9A21-5EAE-4175-B891-90979CA70F4A}.Debug|Any CPU.Build.0 = Debug|Any CPU
		{DFBA9A21-5EAE-4175-B891-90979CA70F4A}.Release|Any CPU.ActiveCfg = Release|Any CPU
		{DFBA9A21-5EAE-4175-B891-90979CA70F4A}.Release|Any CPU.Build.0 = Release|Any CPU
	EndGlobalSection
	GlobalSection(SolutionProperties) = preSolution
		HideSolutionNode = FALSE
	EndGlobalSection
EndGlobal
