
Microsoft Visual Studio Solution File, Format Version 12.00
# Visual Studio 2013
VisualStudioVersion = 12.0.21005.1
MinimumVisualStudioVersion = 10.0.40219.1
Project("{FAE04EC0-301F-11D3-BF4B-00C04F79EFBC}") = "01.OddOrEven", "01.OddOrEven\01.OddOrEven.csproj", "{4E320403-E139-4E77-9E58-4D3E7054F796}"
EndProject
Project("{FAE04EC0-301F-11D3-BF4B-00C04F79EFBC}") = "02.DivideBySevenAndFive", "02.DivideBySevenAndFive\02.DivideBySevenAndFive.csproj", "{57410B5B-EABF-47D3-AB31-494F18D18EF2}"
EndProject
Project("{FAE04EC0-301F-11D3-BF4B-00C04F79EFBC}") = "03.CalculateRectangleArea", "03.CalculateRectangleArea\03.CalculateRectangleArea.csproj", "{72547FE0-EFA7-46E0-9065-5E33F2A61EF4}"
EndProject
Project("{FAE04EC0-301F-11D3-BF4B-00C04F79EFBC}") = "04.CheckHundredsForSeven", "04.CheckHundredsForSeven\04.CheckHundredsForSeven.csproj", "{FB74E87D-E5AA-4AA9-AA2A-B9BF849609A4}"
EndProject
Project("{FAE04EC0-301F-11D3-BF4B-00C04F79EFBC}") = "05.CheckThirdBit", "05.CheckThirdBit\05.CheckThirdBit.csproj", "{B2FD51E3-F3AA-49E4-9026-B4D061E31E76}"
EndProject
Project("{FAE04EC0-301F-11D3-BF4B-00C04F79EFBC}") = "06.PointWithinCircle", "06.PointWithinCircle\06.PointWithinCircle.csproj", "{3D29816C-3859-44EF-8DA9-EE9A71516D47}"
EndProject
Project("{FAE04EC0-301F-11D3-BF4B-00C04F79EFBC}") = "07.CheckForPrimeNumber", "07.CheckForPrimeNumber\07.CheckForPrimeNumber.csproj", "{90A4E0EC-E248-4325-810C-94DC6D490F61}"
EndProject
Project("{FAE04EC0-301F-11D3-BF4B-00C04F79EFBC}") = "08.TrapezoidArea", "08.TrapezoidArea\08.TrapezoidArea.csproj", "{593B6D8B-BCEB-4E06-8E20-3CC9E7629483}"
EndProject
Project("{FAE04EC0-301F-11D3-BF4B-00C04F79EFBC}") = "09.PointCircleRectangle", "09.PointCircleRectangle\09.PointCircleRectangle.csproj", "{2A9BA510-C82C-4425-8DF1-820DA9984D11}"
EndProject
Project("{FAE04EC0-301F-11D3-BF4B-00C04F79EFBC}") = "10.CheckBitAtPosition", "10.CheckBitAtPosition\10.CheckBitAtPosition.csproj", "{37090077-BD83-4CC0-B845-6F3DF62A079A}"
EndProject
Project("{FAE04EC0-301F-11D3-BF4B-00C04F79EFBC}") = "11.ExtractBitFromInteger", "11.ExtractBitFromInteger\11.ExtractBitFromInteger.csproj", "{23C225F0-4502-46AF-9ADD-D68120958218}"
EndProject
Project("{FAE04EC0-301F-11D3-BF4B-00C04F79EFBC}") = "12.SetBitAtPosition", "12.SetBitAtPosition\12.SetBitAtPosition.csproj", "{837752C6-C521-4DB7-A69C-F2ACD042D10D}"
EndProject
Project("{FAE04EC0-301F-11D3-BF4B-00C04F79EFBC}") = "13.ExchangeThreeBits", "13.ExchangeThreeBits\13.ExchangeThreeBits.csproj", "{7EC6EDB5-CBA2-48A3-B783-C45525957092}"
EndProject
Project("{FAE04EC0-301F-11D3-BF4B-00C04F79EFBC}") = "14.ExchangeCustomBits", "14.ExchangeCustomBits\14.ExchangeCustomBits.csproj", "{8E6C2892-7CC9-46B0-8D47-72F1E8CBDFFC}"
EndProject
Global
	GlobalSection(SolutionConfigurationPlatforms) = preSolution
		Debug|Any CPU = Debug|Any CPU
		Debug|x86 = Debug|x86
		Release|Any CPU = Release|Any CPU
		Release|x86 = Release|x86
	EndGlobalSection
	GlobalSection(ProjectConfigurationPlatforms) = postSolution
		{4E320403-E139-4E77-9E58-4D3E7054F796}.Debug|Any CPU.ActiveCfg = Debug|Any CPU
		{4E320403-E139-4E77-9E58-4D3E7054F796}.Debug|Any CPU.Build.0 = Debug|Any CPU
		{4E320403-E139-4E77-9E58-4D3E7054F796}.Debug|x86.ActiveCfg = Debug|x86
		{4E320403-E139-4E77-9E58-4D3E7054F796}.Debug|x86.Build.0 = Debug|x86
		{4E320403-E139-4E77-9E58-4D3E7054F796}.Release|Any CPU.ActiveCfg = Release|Any CPU
		{4E320403-E139-4E77-9E58-4D3E7054F796}.Release|Any CPU.Build.0 = Release|Any CPU
		{4E320403-E139-4E77-9E58-4D3E7054F796}.Release|x86.ActiveCfg = Release|x86
		{4E320403-E139-4E77-9E58-4D3E7054F796}.Release|x86.Build.0 = Release|x86
		{57410B5B-EABF-47D3-AB31-494F18D18EF2}.Debug|Any CPU.ActiveCfg = Debug|Any CPU
		{57410B5B-EABF-47D3-AB31-494F18D18EF2}.Debug|Any CPU.Build.0 = Debug|Any CPU
		{57410B5B-EABF-47D3-AB31-494F18D18EF2}.Debug|x86.ActiveCfg = Debug|x86
		{57410B5B-EABF-47D3-AB31-494F18D18EF2}.Debug|x86.Build.0 = Debug|x86
		{57410B5B-EABF-47D3-AB31-494F18D18EF2}.Release|Any CPU.ActiveCfg = Release|Any CPU
		{57410B5B-EABF-47D3-AB31-494F18D18EF2}.Release|Any CPU.Build.0 = Release|Any CPU
		{57410B5B-EABF-47D3-AB31-494F18D18EF2}.Release|x86.ActiveCfg = Release|x86
		{57410B5B-EABF-47D3-AB31-494F18D18EF2}.Release|x86.Build.0 = Release|x86
		{72547FE0-EFA7-46E0-9065-5E33F2A61EF4}.Debug|Any CPU.ActiveCfg = Debug|Any CPU
		{72547FE0-EFA7-46E0-9065-5E33F2A61EF4}.Debug|Any CPU.Build.0 = Debug|Any CPU
		{72547FE0-EFA7-46E0-9065-5E33F2A61EF4}.Debug|x86.ActiveCfg = Debug|x86
		{72547FE0-EFA7-46E0-9065-5E33F2A61EF4}.Debug|x86.Build.0 = Debug|x86
		{72547FE0-EFA7-46E0-9065-5E33F2A61EF4}.Release|Any CPU.ActiveCfg = Release|Any CPU
		{72547FE0-EFA7-46E0-9065-5E33F2A61EF4}.Release|Any CPU.Build.0 = Release|Any CPU
		{72547FE0-EFA7-46E0-9065-5E33F2A61EF4}.Release|x86.ActiveCfg = Release|x86
		{72547FE0-EFA7-46E0-9065-5E33F2A61EF4}.Release|x86.Build.0 = Release|x86
		{FB74E87D-E5AA-4AA9-AA2A-B9BF849609A4}.Debug|Any CPU.ActiveCfg = Debug|Any CPU
		{FB74E87D-E5AA-4AA9-AA2A-B9BF849609A4}.Debug|Any CPU.Build.0 = Debug|Any CPU
		{FB74E87D-E5AA-4AA9-AA2A-B9BF849609A4}.Debug|x86.ActiveCfg = Debug|x86
		{FB74E87D-E5AA-4AA9-AA2A-B9BF849609A4}.Debug|x86.Build.0 = Debug|x86
		{FB74E87D-E5AA-4AA9-AA2A-B9BF849609A4}.Release|Any CPU.ActiveCfg = Release|Any CPU
		{FB74E87D-E5AA-4AA9-AA2A-B9BF849609A4}.Release|Any CPU.Build.0 = Release|Any CPU
		{FB74E87D-E5AA-4AA9-AA2A-B9BF849609A4}.Release|x86.ActiveCfg = Release|x86
		{FB74E87D-E5AA-4AA9-AA2A-B9BF849609A4}.Release|x86.Build.0 = Release|x86
		{B2FD51E3-F3AA-49E4-9026-B4D061E31E76}.Debug|Any CPU.ActiveCfg = Debug|Any CPU
		{B2FD51E3-F3AA-49E4-9026-B4D061E31E76}.Debug|Any CPU.Build.0 = Debug|Any CPU
		{B2FD51E3-F3AA-49E4-9026-B4D061E31E76}.Debug|x86.ActiveCfg = Debug|x86
		{B2FD51E3-F3AA-49E4-9026-B4D061E31E76}.Debug|x86.Build.0 = Debug|x86
		{B2FD51E3-F3AA-49E4-9026-B4D061E31E76}.Release|Any CPU.ActiveCfg = Release|Any CPU
		{B2FD51E3-F3AA-49E4-9026-B4D061E31E76}.Release|Any CPU.Build.0 = Release|Any CPU
		{B2FD51E3-F3AA-49E4-9026-B4D061E31E76}.Release|x86.ActiveCfg = Release|x86
		{B2FD51E3-F3AA-49E4-9026-B4D061E31E76}.Release|x86.Build.0 = Release|x86
		{3D29816C-3859-44EF-8DA9-EE9A71516D47}.Debug|Any CPU.ActiveCfg = Debug|Any CPU
		{3D29816C-3859-44EF-8DA9-EE9A71516D47}.Debug|Any CPU.Build.0 = Debug|Any CPU
		{3D29816C-3859-44EF-8DA9-EE9A71516D47}.Debug|x86.ActiveCfg = Debug|x86
		{3D29816C-3859-44EF-8DA9-EE9A71516D47}.Debug|x86.Build.0 = Debug|x86
		{3D29816C-3859-44EF-8DA9-EE9A71516D47}.Release|Any CPU.ActiveCfg = Release|Any CPU
		{3D29816C-3859-44EF-8DA9-EE9A71516D47}.Release|Any CPU.Build.0 = Release|Any CPU
		{3D29816C-3859-44EF-8DA9-EE9A71516D47}.Release|x86.ActiveCfg = Release|x86
		{3D29816C-3859-44EF-8DA9-EE9A71516D47}.Release|x86.Build.0 = Release|x86
		{90A4E0EC-E248-4325-810C-94DC6D490F61}.Debug|Any CPU.ActiveCfg = Debug|Any CPU
		{90A4E0EC-E248-4325-810C-94DC6D490F61}.Debug|Any CPU.Build.0 = Debug|Any CPU
		{90A4E0EC-E248-4325-810C-94DC6D490F61}.Debug|x86.ActiveCfg = Debug|x86
		{90A4E0EC-E248-4325-810C-94DC6D490F61}.Debug|x86.Build.0 = Debug|x86
		{90A4E0EC-E248-4325-810C-94DC6D490F61}.Release|Any CPU.ActiveCfg = Release|Any CPU
		{90A4E0EC-E248-4325-810C-94DC6D490F61}.Release|Any CPU.Build.0 = Release|Any CPU
		{90A4E0EC-E248-4325-810C-94DC6D490F61}.Release|x86.ActiveCfg = Release|x86
		{90A4E0EC-E248-4325-810C-94DC6D490F61}.Release|x86.Build.0 = Release|x86
		{593B6D8B-BCEB-4E06-8E20-3CC9E7629483}.Debug|Any CPU.ActiveCfg = Debug|Any CPU
		{593B6D8B-BCEB-4E06-8E20-3CC9E7629483}.Debug|Any CPU.Build.0 = Debug|Any CPU
		{593B6D8B-BCEB-4E06-8E20-3CC9E7629483}.Debug|x86.ActiveCfg = Debug|x86
		{593B6D8B-BCEB-4E06-8E20-3CC9E7629483}.Debug|x86.Build.0 = Debug|x86
		{593B6D8B-BCEB-4E06-8E20-3CC9E7629483}.Release|Any CPU.ActiveCfg = Release|Any CPU
		{593B6D8B-BCEB-4E06-8E20-3CC9E7629483}.Release|Any CPU.Build.0 = Release|Any CPU
		{593B6D8B-BCEB-4E06-8E20-3CC9E7629483}.Release|x86.ActiveCfg = Release|x86
		{593B6D8B-BCEB-4E06-8E20-3CC9E7629483}.Release|x86.Build.0 = Release|x86
		{2A9BA510-C82C-4425-8DF1-820DA9984D11}.Debug|Any CPU.ActiveCfg = Debug|Any CPU
		{2A9BA510-C82C-4425-8DF1-820DA9984D11}.Debug|Any CPU.Build.0 = Debug|Any CPU
		{2A9BA510-C82C-4425-8DF1-820DA9984D11}.Debug|x86.ActiveCfg = Debug|x86
		{2A9BA510-C82C-4425-8DF1-820DA9984D11}.Debug|x86.Build.0 = Debug|x86
		{2A9BA510-C82C-4425-8DF1-820DA9984D11}.Release|Any CPU.ActiveCfg = Release|Any CPU
		{2A9BA510-C82C-4425-8DF1-820DA9984D11}.Release|Any CPU.Build.0 = Release|Any CPU
		{2A9BA510-C82C-4425-8DF1-820DA9984D11}.Release|x86.ActiveCfg = Release|x86
		{2A9BA510-C82C-4425-8DF1-820DA9984D11}.Release|x86.Build.0 = Release|x86
		{37090077-BD83-4CC0-B845-6F3DF62A079A}.Debug|Any CPU.ActiveCfg = Debug|Any CPU
		{37090077-BD83-4CC0-B845-6F3DF62A079A}.Debug|Any CPU.Build.0 = Debug|Any CPU
		{37090077-BD83-4CC0-B845-6F3DF62A079A}.Debug|x86.ActiveCfg = Debug|x86
		{37090077-BD83-4CC0-B845-6F3DF62A079A}.Debug|x86.Build.0 = Debug|x86
		{37090077-BD83-4CC0-B845-6F3DF62A079A}.Release|Any CPU.ActiveCfg = Release|Any CPU
		{37090077-BD83-4CC0-B845-6F3DF62A079A}.Release|Any CPU.Build.0 = Release|Any CPU
		{37090077-BD83-4CC0-B845-6F3DF62A079A}.Release|x86.ActiveCfg = Release|x86
		{37090077-BD83-4CC0-B845-6F3DF62A079A}.Release|x86.Build.0 = Release|x86
		{23C225F0-4502-46AF-9ADD-D68120958218}.Debug|Any CPU.ActiveCfg = Debug|Any CPU
		{23C225F0-4502-46AF-9ADD-D68120958218}.Debug|Any CPU.Build.0 = Debug|Any CPU
		{23C225F0-4502-46AF-9ADD-D68120958218}.Debug|x86.ActiveCfg = Debug|x86
		{23C225F0-4502-46AF-9ADD-D68120958218}.Debug|x86.Build.0 = Debug|x86
		{23C225F0-4502-46AF-9ADD-D68120958218}.Release|Any CPU.ActiveCfg = Release|Any CPU
		{23C225F0-4502-46AF-9ADD-D68120958218}.Release|Any CPU.Build.0 = Release|Any CPU
		{23C225F0-4502-46AF-9ADD-D68120958218}.Release|x86.ActiveCfg = Release|x86
		{23C225F0-4502-46AF-9ADD-D68120958218}.Release|x86.Build.0 = Release|x86
		{837752C6-C521-4DB7-A69C-F2ACD042D10D}.Debug|Any CPU.ActiveCfg = Debug|Any CPU
		{837752C6-C521-4DB7-A69C-F2ACD042D10D}.Debug|Any CPU.Build.0 = Debug|Any CPU
		{837752C6-C521-4DB7-A69C-F2ACD042D10D}.Debug|x86.ActiveCfg = Debug|x86
		{837752C6-C521-4DB7-A69C-F2ACD042D10D}.Debug|x86.Build.0 = Debug|x86
		{837752C6-C521-4DB7-A69C-F2ACD042D10D}.Release|Any CPU.ActiveCfg = Release|Any CPU
		{837752C6-C521-4DB7-A69C-F2ACD042D10D}.Release|Any CPU.Build.0 = Release|Any CPU
		{837752C6-C521-4DB7-A69C-F2ACD042D10D}.Release|x86.ActiveCfg = Release|x86
		{837752C6-C521-4DB7-A69C-F2ACD042D10D}.Release|x86.Build.0 = Release|x86
		{7EC6EDB5-CBA2-48A3-B783-C45525957092}.Debug|Any CPU.ActiveCfg = Debug|Any CPU
		{7EC6EDB5-CBA2-48A3-B783-C45525957092}.Debug|Any CPU.Build.0 = Debug|Any CPU
		{7EC6EDB5-CBA2-48A3-B783-C45525957092}.Debug|x86.ActiveCfg = Debug|x86
		{7EC6EDB5-CBA2-48A3-B783-C45525957092}.Debug|x86.Build.0 = Debug|x86
		{7EC6EDB5-CBA2-48A3-B783-C45525957092}.Release|Any CPU.ActiveCfg = Release|Any CPU
		{7EC6EDB5-CBA2-48A3-B783-C45525957092}.Release|Any CPU.Build.0 = Release|Any CPU
		{7EC6EDB5-CBA2-48A3-B783-C45525957092}.Release|x86.ActiveCfg = Release|x86
		{7EC6EDB5-CBA2-48A3-B783-C45525957092}.Release|x86.Build.0 = Release|x86
		{8E6C2892-7CC9-46B0-8D47-72F1E8CBDFFC}.Debug|Any CPU.ActiveCfg = Debug|Any CPU
		{8E6C2892-7CC9-46B0-8D47-72F1E8CBDFFC}.Debug|Any CPU.Build.0 = Debug|Any CPU
		{8E6C2892-7CC9-46B0-8D47-72F1E8CBDFFC}.Debug|x86.ActiveCfg = Debug|x86
		{8E6C2892-7CC9-46B0-8D47-72F1E8CBDFFC}.Debug|x86.Build.0 = Debug|x86
		{8E6C2892-7CC9-46B0-8D47-72F1E8CBDFFC}.Release|Any CPU.ActiveCfg = Release|Any CPU
		{8E6C2892-7CC9-46B0-8D47-72F1E8CBDFFC}.Release|Any CPU.Build.0 = Release|Any CPU
		{8E6C2892-7CC9-46B0-8D47-72F1E8CBDFFC}.Release|x86.ActiveCfg = Release|x86
		{8E6C2892-7CC9-46B0-8D47-72F1E8CBDFFC}.Release|x86.Build.0 = Release|x86
	EndGlobalSection
	GlobalSection(SolutionProperties) = preSolution
		HideSolutionNode = FALSE
	EndGlobalSection
EndGlobal
