
Microsoft Visual Studio Solution File, Format Version 12.00
# Visual Studio 2013
VisualStudioVersion = 12.0.21005.1
MinimumVisualStudioVersion = 10.0.40219.1
Project("{FAE04EC0-301F-11D3-BF4B-00C04F79EFBC}") = "01.ArrayOf20Integers", "01.ArrayOf20Integers\01.ArrayOf20Integers.csproj", "{5AB20D21-6F52-48FA-B09E-A2574EAB821B}"
EndProject
Project("{FAE04EC0-301F-11D3-BF4B-00C04F79EFBC}") = "02.CompareTwoArrays", "02.CompareTwoArrays\02.CompareTwoArrays.csproj", "{6CA334F9-5D7C-437F-A57B-DDA7134B25E9}"
EndProject
Project("{FAE04EC0-301F-11D3-BF4B-00C04F79EFBC}") = "04.MaximalSequence", "04.MaximalSequence\04.MaximalSequence.csproj", "{05514E9A-B4A6-4545-9597-99613B7749CC}"
EndProject
Project("{FAE04EC0-301F-11D3-BF4B-00C04F79EFBC}") = "03.CompareLexicographically", "03.CompareLexicographically\03.CompareLexicographically.csproj", "{F479DAFD-AADD-4607-AD86-B89E9E03801B}"
EndProject
Project("{FAE04EC0-301F-11D3-BF4B-00C04F79EFBC}") = "05.MaximalIncreasingSequence", "05.MaximalIncreasingSequence\05.MaximalIncreasingSequence.csproj", "{515804E6-6CBD-4896-BD10-69D8052D382C}"
EndProject
Project("{FAE04EC0-301F-11D3-BF4B-00C04F79EFBC}") = "06.MaximalSum", "06.MaximalSum\06.MaximalSum.csproj", "{C77FA4ED-2906-4B4C-B3DE-A54EFAD84F24}"
EndProject
Project("{FAE04EC0-301F-11D3-BF4B-00C04F79EFBC}") = "07.SelectionSort", "07.SelectionSort\07.SelectionSort.csproj", "{627EF039-C72F-4C5F-AED3-F040FB6BB9FC}"
EndProject
Project("{FAE04EC0-301F-11D3-BF4B-00C04F79EFBC}") = "08.SequenceOfMaxSum", "08.SequenceOfMaxSum\08.SequenceOfMaxSum.csproj", "{164F4B2E-CE07-40D5-8254-63B58CDE4A93}"
EndProject
Project("{FAE04EC0-301F-11D3-BF4B-00C04F79EFBC}") = "09.MostFrequentNumber-v1", "09.MostFrequentNumber-v1\09.MostFrequentNumber-v1.csproj", "{7184E5A2-4404-4459-B7E8-B15385B63BAA}"
EndProject
Project("{FAE04EC0-301F-11D3-BF4B-00C04F79EFBC}") = "09.MostFrequentNumber-v2", "09.MostFrequentNumber-v2\09.MostFrequentNumber-v2.csproj", "{BB9C76EF-514C-4330-9B94-921ECC349166}"
EndProject
Project("{FAE04EC0-301F-11D3-BF4B-00C04F79EFBC}") = "10.SequenceOfSum", "10.SequenceOfSum\10.SequenceOfSum.csproj", "{ECC91EF8-9CEE-4CBE-9127-859BB4C5520A}"
EndProject
Project("{FAE04EC0-301F-11D3-BF4B-00C04F79EFBC}") = "11.BinarySearch", "11.BinarySearch\11.BinarySearch.csproj", "{1D3AB351-EFF8-4AA2-A523-5093E9EF98F3}"
EndProject
Project("{FAE04EC0-301F-11D3-BF4B-00C04F79EFBC}") = "12.LetterIndex", "12.LetterIndex\12.LetterIndex.csproj", "{1510FC5C-CB5E-4BBE-A7ED-0644A3312351}"
EndProject
Project("{FAE04EC0-301F-11D3-BF4B-00C04F79EFBC}") = "13.MergeSort", "13.MergeSort\13.MergeSort.csproj", "{C5C09D80-3D6F-45B7-AE71-3D3220C2E34D}"
EndProject
Project("{FAE04EC0-301F-11D3-BF4B-00C04F79EFBC}") = "14.QuickSort", "14.QuickSort\14.QuickSort.csproj", "{B30842C3-EB4E-4523-A089-6731D2242B95}"
EndProject
Project("{FAE04EC0-301F-11D3-BF4B-00C04F79EFBC}") = "15.FindAllPrimeNumbers", "15.FindAllPrimeNumbers\15.FindAllPrimeNumbers.csproj", "{222AB3CD-E7E4-4DE8-8592-083D3DCE95C3}"
EndProject
Project("{FAE04EC0-301F-11D3-BF4B-00C04F79EFBC}") = "16.SubsetsSum", "16.SubsetsSum\16.SubsetsSum.csproj", "{B26E30D9-8D09-47A0-B97A-62219634BAB5}"
EndProject
Project("{FAE04EC0-301F-11D3-BF4B-00C04F79EFBC}") = "17.ThreeIntSubsetSum", "17.ThreeIntSubsetSum\17.ThreeIntSubsetSum.csproj", "{F366DA98-E57D-4911-9AD8-B75FF6342153}"
EndProject
Project("{FAE04EC0-301F-11D3-BF4B-00C04F79EFBC}") = "18.RemoveToSort", "18.RemoveToSort\18.RemoveToSort.csproj", "{AD04EBC0-FF33-4066-BFF7-30FC40DCC84D}"
EndProject
Project("{FAE04EC0-301F-11D3-BF4B-00C04F79EFBC}") = "19.Permutations", "19.Permutations\19.Permutations.csproj", "{4BCAA321-BF6C-4AFB-96C0-8C441E3617A3}"
EndProject
Project("{FAE04EC0-301F-11D3-BF4B-00C04F79EFBC}") = "20.Variations", "20.Variations\20.Variations.csproj", "{0C92B0A3-B737-493F-B5A8-B43E73200BED}"
EndProject
Project("{FAE04EC0-301F-11D3-BF4B-00C04F79EFBC}") = "21.CombinationsDistinct", "21.CombinationsDistinct\21.CombinationsDistinct.csproj", "{D169DC4B-1AFA-4D77-BB71-54814D63191D}"
EndProject
Global
	GlobalSection(SolutionConfigurationPlatforms) = preSolution
		Debug|Any CPU = Debug|Any CPU
		Debug|x86 = Debug|x86
		Release|Any CPU = Release|Any CPU
		Release|x86 = Release|x86
	EndGlobalSection
	GlobalSection(ProjectConfigurationPlatforms) = postSolution
		{5AB20D21-6F52-48FA-B09E-A2574EAB821B}.Debug|Any CPU.ActiveCfg = Debug|Any CPU
		{5AB20D21-6F52-48FA-B09E-A2574EAB821B}.Debug|Any CPU.Build.0 = Debug|Any CPU
		{5AB20D21-6F52-48FA-B09E-A2574EAB821B}.Debug|x86.ActiveCfg = Debug|Any CPU
		{5AB20D21-6F52-48FA-B09E-A2574EAB821B}.Release|Any CPU.ActiveCfg = Release|Any CPU
		{5AB20D21-6F52-48FA-B09E-A2574EAB821B}.Release|Any CPU.Build.0 = Release|Any CPU
		{5AB20D21-6F52-48FA-B09E-A2574EAB821B}.Release|x86.ActiveCfg = Release|Any CPU
		{6CA334F9-5D7C-437F-A57B-DDA7134B25E9}.Debug|Any CPU.ActiveCfg = Debug|Any CPU
		{6CA334F9-5D7C-437F-A57B-DDA7134B25E9}.Debug|Any CPU.Build.0 = Debug|Any CPU
		{6CA334F9-5D7C-437F-A57B-DDA7134B25E9}.Debug|x86.ActiveCfg = Debug|Any CPU
		{6CA334F9-5D7C-437F-A57B-DDA7134B25E9}.Release|Any CPU.ActiveCfg = Release|Any CPU
		{6CA334F9-5D7C-437F-A57B-DDA7134B25E9}.Release|Any CPU.Build.0 = Release|Any CPU
		{6CA334F9-5D7C-437F-A57B-DDA7134B25E9}.Release|x86.ActiveCfg = Release|Any CPU
		{05514E9A-B4A6-4545-9597-99613B7749CC}.Debug|Any CPU.ActiveCfg = Debug|Any CPU
		{05514E9A-B4A6-4545-9597-99613B7749CC}.Debug|Any CPU.Build.0 = Debug|Any CPU
		{05514E9A-B4A6-4545-9597-99613B7749CC}.Debug|x86.ActiveCfg = Debug|Any CPU
		{05514E9A-B4A6-4545-9597-99613B7749CC}.Release|Any CPU.ActiveCfg = Release|Any CPU
		{05514E9A-B4A6-4545-9597-99613B7749CC}.Release|Any CPU.Build.0 = Release|Any CPU
		{05514E9A-B4A6-4545-9597-99613B7749CC}.Release|x86.ActiveCfg = Release|Any CPU
		{F479DAFD-AADD-4607-AD86-B89E9E03801B}.Debug|Any CPU.ActiveCfg = Debug|Any CPU
		{F479DAFD-AADD-4607-AD86-B89E9E03801B}.Debug|Any CPU.Build.0 = Debug|Any CPU
		{F479DAFD-AADD-4607-AD86-B89E9E03801B}.Debug|x86.ActiveCfg = Debug|Any CPU
		{F479DAFD-AADD-4607-AD86-B89E9E03801B}.Release|Any CPU.ActiveCfg = Release|Any CPU
		{F479DAFD-AADD-4607-AD86-B89E9E03801B}.Release|Any CPU.Build.0 = Release|Any CPU
		{F479DAFD-AADD-4607-AD86-B89E9E03801B}.Release|x86.ActiveCfg = Release|Any CPU
		{515804E6-6CBD-4896-BD10-69D8052D382C}.Debug|Any CPU.ActiveCfg = Debug|Any CPU
		{515804E6-6CBD-4896-BD10-69D8052D382C}.Debug|Any CPU.Build.0 = Debug|Any CPU
		{515804E6-6CBD-4896-BD10-69D8052D382C}.Debug|x86.ActiveCfg = Debug|Any CPU
		{515804E6-6CBD-4896-BD10-69D8052D382C}.Release|Any CPU.ActiveCfg = Release|Any CPU
		{515804E6-6CBD-4896-BD10-69D8052D382C}.Release|Any CPU.Build.0 = Release|Any CPU
		{515804E6-6CBD-4896-BD10-69D8052D382C}.Release|x86.ActiveCfg = Release|Any CPU
		{C77FA4ED-2906-4B4C-B3DE-A54EFAD84F24}.Debug|Any CPU.ActiveCfg = Debug|Any CPU
		{C77FA4ED-2906-4B4C-B3DE-A54EFAD84F24}.Debug|Any CPU.Build.0 = Debug|Any CPU
		{C77FA4ED-2906-4B4C-B3DE-A54EFAD84F24}.Debug|x86.ActiveCfg = Debug|Any CPU
		{C77FA4ED-2906-4B4C-B3DE-A54EFAD84F24}.Release|Any CPU.ActiveCfg = Release|Any CPU
		{C77FA4ED-2906-4B4C-B3DE-A54EFAD84F24}.Release|Any CPU.Build.0 = Release|Any CPU
		{C77FA4ED-2906-4B4C-B3DE-A54EFAD84F24}.Release|x86.ActiveCfg = Release|Any CPU
		{627EF039-C72F-4C5F-AED3-F040FB6BB9FC}.Debug|Any CPU.ActiveCfg = Debug|Any CPU
		{627EF039-C72F-4C5F-AED3-F040FB6BB9FC}.Debug|Any CPU.Build.0 = Debug|Any CPU
		{627EF039-C72F-4C5F-AED3-F040FB6BB9FC}.Debug|x86.ActiveCfg = Debug|Any CPU
		{627EF039-C72F-4C5F-AED3-F040FB6BB9FC}.Release|Any CPU.ActiveCfg = Release|Any CPU
		{627EF039-C72F-4C5F-AED3-F040FB6BB9FC}.Release|Any CPU.Build.0 = Release|Any CPU
		{627EF039-C72F-4C5F-AED3-F040FB6BB9FC}.Release|x86.ActiveCfg = Release|Any CPU
		{164F4B2E-CE07-40D5-8254-63B58CDE4A93}.Debug|Any CPU.ActiveCfg = Debug|Any CPU
		{164F4B2E-CE07-40D5-8254-63B58CDE4A93}.Debug|Any CPU.Build.0 = Debug|Any CPU
		{164F4B2E-CE07-40D5-8254-63B58CDE4A93}.Debug|x86.ActiveCfg = Debug|Any CPU
		{164F4B2E-CE07-40D5-8254-63B58CDE4A93}.Release|Any CPU.ActiveCfg = Release|Any CPU
		{164F4B2E-CE07-40D5-8254-63B58CDE4A93}.Release|Any CPU.Build.0 = Release|Any CPU
		{164F4B2E-CE07-40D5-8254-63B58CDE4A93}.Release|x86.ActiveCfg = Release|Any CPU
		{7184E5A2-4404-4459-B7E8-B15385B63BAA}.Debug|Any CPU.ActiveCfg = Debug|Any CPU
		{7184E5A2-4404-4459-B7E8-B15385B63BAA}.Debug|Any CPU.Build.0 = Debug|Any CPU
		{7184E5A2-4404-4459-B7E8-B15385B63BAA}.Debug|x86.ActiveCfg = Debug|Any CPU
		{7184E5A2-4404-4459-B7E8-B15385B63BAA}.Release|Any CPU.ActiveCfg = Release|Any CPU
		{7184E5A2-4404-4459-B7E8-B15385B63BAA}.Release|Any CPU.Build.0 = Release|Any CPU
		{7184E5A2-4404-4459-B7E8-B15385B63BAA}.Release|x86.ActiveCfg = Release|Any CPU
		{BB9C76EF-514C-4330-9B94-921ECC349166}.Debug|Any CPU.ActiveCfg = Debug|Any CPU
		{BB9C76EF-514C-4330-9B94-921ECC349166}.Debug|Any CPU.Build.0 = Debug|Any CPU
		{BB9C76EF-514C-4330-9B94-921ECC349166}.Debug|x86.ActiveCfg = Debug|Any CPU
		{BB9C76EF-514C-4330-9B94-921ECC349166}.Release|Any CPU.ActiveCfg = Release|Any CPU
		{BB9C76EF-514C-4330-9B94-921ECC349166}.Release|Any CPU.Build.0 = Release|Any CPU
		{BB9C76EF-514C-4330-9B94-921ECC349166}.Release|x86.ActiveCfg = Release|Any CPU
		{ECC91EF8-9CEE-4CBE-9127-859BB4C5520A}.Debug|Any CPU.ActiveCfg = Debug|Any CPU
		{ECC91EF8-9CEE-4CBE-9127-859BB4C5520A}.Debug|Any CPU.Build.0 = Debug|Any CPU
		{ECC91EF8-9CEE-4CBE-9127-859BB4C5520A}.Debug|x86.ActiveCfg = Debug|Any CPU
		{ECC91EF8-9CEE-4CBE-9127-859BB4C5520A}.Release|Any CPU.ActiveCfg = Release|Any CPU
		{ECC91EF8-9CEE-4CBE-9127-859BB4C5520A}.Release|Any CPU.Build.0 = Release|Any CPU
		{ECC91EF8-9CEE-4CBE-9127-859BB4C5520A}.Release|x86.ActiveCfg = Release|Any CPU
		{1D3AB351-EFF8-4AA2-A523-5093E9EF98F3}.Debug|Any CPU.ActiveCfg = Debug|Any CPU
		{1D3AB351-EFF8-4AA2-A523-5093E9EF98F3}.Debug|Any CPU.Build.0 = Debug|Any CPU
		{1D3AB351-EFF8-4AA2-A523-5093E9EF98F3}.Debug|x86.ActiveCfg = Debug|Any CPU
		{1D3AB351-EFF8-4AA2-A523-5093E9EF98F3}.Release|Any CPU.ActiveCfg = Release|Any CPU
		{1D3AB351-EFF8-4AA2-A523-5093E9EF98F3}.Release|Any CPU.Build.0 = Release|Any CPU
		{1D3AB351-EFF8-4AA2-A523-5093E9EF98F3}.Release|x86.ActiveCfg = Release|Any CPU
		{1510FC5C-CB5E-4BBE-A7ED-0644A3312351}.Debug|Any CPU.ActiveCfg = Debug|Any CPU
		{1510FC5C-CB5E-4BBE-A7ED-0644A3312351}.Debug|Any CPU.Build.0 = Debug|Any CPU
		{1510FC5C-CB5E-4BBE-A7ED-0644A3312351}.Debug|x86.ActiveCfg = Debug|Any CPU
		{1510FC5C-CB5E-4BBE-A7ED-0644A3312351}.Release|Any CPU.ActiveCfg = Release|Any CPU
		{1510FC5C-CB5E-4BBE-A7ED-0644A3312351}.Release|Any CPU.Build.0 = Release|Any CPU
		{1510FC5C-CB5E-4BBE-A7ED-0644A3312351}.Release|x86.ActiveCfg = Release|Any CPU
		{C5C09D80-3D6F-45B7-AE71-3D3220C2E34D}.Debug|Any CPU.ActiveCfg = Debug|Any CPU
		{C5C09D80-3D6F-45B7-AE71-3D3220C2E34D}.Debug|Any CPU.Build.0 = Debug|Any CPU
		{C5C09D80-3D6F-45B7-AE71-3D3220C2E34D}.Debug|x86.ActiveCfg = Debug|Any CPU
		{C5C09D80-3D6F-45B7-AE71-3D3220C2E34D}.Release|Any CPU.ActiveCfg = Release|Any CPU
		{C5C09D80-3D6F-45B7-AE71-3D3220C2E34D}.Release|Any CPU.Build.0 = Release|Any CPU
		{C5C09D80-3D6F-45B7-AE71-3D3220C2E34D}.Release|x86.ActiveCfg = Release|Any CPU
		{B30842C3-EB4E-4523-A089-6731D2242B95}.Debug|Any CPU.ActiveCfg = Debug|Any CPU
		{B30842C3-EB4E-4523-A089-6731D2242B95}.Debug|Any CPU.Build.0 = Debug|Any CPU
		{B30842C3-EB4E-4523-A089-6731D2242B95}.Debug|x86.ActiveCfg = Debug|Any CPU
		{B30842C3-EB4E-4523-A089-6731D2242B95}.Release|Any CPU.ActiveCfg = Release|Any CPU
		{B30842C3-EB4E-4523-A089-6731D2242B95}.Release|Any CPU.Build.0 = Release|Any CPU
		{B30842C3-EB4E-4523-A089-6731D2242B95}.Release|x86.ActiveCfg = Release|Any CPU
		{222AB3CD-E7E4-4DE8-8592-083D3DCE95C3}.Debug|Any CPU.ActiveCfg = Debug|Any CPU
		{222AB3CD-E7E4-4DE8-8592-083D3DCE95C3}.Debug|Any CPU.Build.0 = Debug|Any CPU
		{222AB3CD-E7E4-4DE8-8592-083D3DCE95C3}.Debug|x86.ActiveCfg = Debug|x86
		{222AB3CD-E7E4-4DE8-8592-083D3DCE95C3}.Debug|x86.Build.0 = Debug|x86
		{222AB3CD-E7E4-4DE8-8592-083D3DCE95C3}.Release|Any CPU.ActiveCfg = Release|Any CPU
		{222AB3CD-E7E4-4DE8-8592-083D3DCE95C3}.Release|Any CPU.Build.0 = Release|Any CPU
		{222AB3CD-E7E4-4DE8-8592-083D3DCE95C3}.Release|x86.ActiveCfg = Release|x86
		{222AB3CD-E7E4-4DE8-8592-083D3DCE95C3}.Release|x86.Build.0 = Release|x86
		{B26E30D9-8D09-47A0-B97A-62219634BAB5}.Debug|Any CPU.ActiveCfg = Debug|Any CPU
		{B26E30D9-8D09-47A0-B97A-62219634BAB5}.Debug|Any CPU.Build.0 = Debug|Any CPU
		{B26E30D9-8D09-47A0-B97A-62219634BAB5}.Debug|x86.ActiveCfg = Debug|x86
		{B26E30D9-8D09-47A0-B97A-62219634BAB5}.Debug|x86.Build.0 = Debug|x86
		{B26E30D9-8D09-47A0-B97A-62219634BAB5}.Release|Any CPU.ActiveCfg = Release|Any CPU
		{B26E30D9-8D09-47A0-B97A-62219634BAB5}.Release|Any CPU.Build.0 = Release|Any CPU
		{B26E30D9-8D09-47A0-B97A-62219634BAB5}.Release|x86.ActiveCfg = Release|x86
		{B26E30D9-8D09-47A0-B97A-62219634BAB5}.Release|x86.Build.0 = Release|x86
		{F366DA98-E57D-4911-9AD8-B75FF6342153}.Debug|Any CPU.ActiveCfg = Debug|Any CPU
		{F366DA98-E57D-4911-9AD8-B75FF6342153}.Debug|Any CPU.Build.0 = Debug|Any CPU
		{F366DA98-E57D-4911-9AD8-B75FF6342153}.Debug|x86.ActiveCfg = Debug|x86
		{F366DA98-E57D-4911-9AD8-B75FF6342153}.Debug|x86.Build.0 = Debug|x86
		{F366DA98-E57D-4911-9AD8-B75FF6342153}.Release|Any CPU.ActiveCfg = Release|Any CPU
		{F366DA98-E57D-4911-9AD8-B75FF6342153}.Release|Any CPU.Build.0 = Release|Any CPU
		{F366DA98-E57D-4911-9AD8-B75FF6342153}.Release|x86.ActiveCfg = Release|x86
		{F366DA98-E57D-4911-9AD8-B75FF6342153}.Release|x86.Build.0 = Release|x86
		{AD04EBC0-FF33-4066-BFF7-30FC40DCC84D}.Debug|Any CPU.ActiveCfg = Debug|Any CPU
		{AD04EBC0-FF33-4066-BFF7-30FC40DCC84D}.Debug|Any CPU.Build.0 = Debug|Any CPU
		{AD04EBC0-FF33-4066-BFF7-30FC40DCC84D}.Debug|x86.ActiveCfg = Debug|x86
		{AD04EBC0-FF33-4066-BFF7-30FC40DCC84D}.Debug|x86.Build.0 = Debug|x86
		{AD04EBC0-FF33-4066-BFF7-30FC40DCC84D}.Release|Any CPU.ActiveCfg = Release|Any CPU
		{AD04EBC0-FF33-4066-BFF7-30FC40DCC84D}.Release|Any CPU.Build.0 = Release|Any CPU
		{AD04EBC0-FF33-4066-BFF7-30FC40DCC84D}.Release|x86.ActiveCfg = Release|x86
		{AD04EBC0-FF33-4066-BFF7-30FC40DCC84D}.Release|x86.Build.0 = Release|x86
		{4BCAA321-BF6C-4AFB-96C0-8C441E3617A3}.Debug|Any CPU.ActiveCfg = Debug|Any CPU
		{4BCAA321-BF6C-4AFB-96C0-8C441E3617A3}.Debug|Any CPU.Build.0 = Debug|Any CPU
		{4BCAA321-BF6C-4AFB-96C0-8C441E3617A3}.Debug|x86.ActiveCfg = Debug|x86
		{4BCAA321-BF6C-4AFB-96C0-8C441E3617A3}.Debug|x86.Build.0 = Debug|x86
		{4BCAA321-BF6C-4AFB-96C0-8C441E3617A3}.Release|Any CPU.ActiveCfg = Release|Any CPU
		{4BCAA321-BF6C-4AFB-96C0-8C441E3617A3}.Release|Any CPU.Build.0 = Release|Any CPU
		{4BCAA321-BF6C-4AFB-96C0-8C441E3617A3}.Release|x86.ActiveCfg = Release|x86
		{4BCAA321-BF6C-4AFB-96C0-8C441E3617A3}.Release|x86.Build.0 = Release|x86
		{0C92B0A3-B737-493F-B5A8-B43E73200BED}.Debug|Any CPU.ActiveCfg = Debug|Any CPU
		{0C92B0A3-B737-493F-B5A8-B43E73200BED}.Debug|Any CPU.Build.0 = Debug|Any CPU
		{0C92B0A3-B737-493F-B5A8-B43E73200BED}.Debug|x86.ActiveCfg = Debug|x86
		{0C92B0A3-B737-493F-B5A8-B43E73200BED}.Debug|x86.Build.0 = Debug|x86
		{0C92B0A3-B737-493F-B5A8-B43E73200BED}.Release|Any CPU.ActiveCfg = Release|Any CPU
		{0C92B0A3-B737-493F-B5A8-B43E73200BED}.Release|Any CPU.Build.0 = Release|Any CPU
		{0C92B0A3-B737-493F-B5A8-B43E73200BED}.Release|x86.ActiveCfg = Release|x86
		{0C92B0A3-B737-493F-B5A8-B43E73200BED}.Release|x86.Build.0 = Release|x86
		{D169DC4B-1AFA-4D77-BB71-54814D63191D}.Debug|Any CPU.ActiveCfg = Debug|Any CPU
		{D169DC4B-1AFA-4D77-BB71-54814D63191D}.Debug|Any CPU.Build.0 = Debug|Any CPU
		{D169DC4B-1AFA-4D77-BB71-54814D63191D}.Debug|x86.ActiveCfg = Debug|x86
		{D169DC4B-1AFA-4D77-BB71-54814D63191D}.Debug|x86.Build.0 = Debug|x86
		{D169DC4B-1AFA-4D77-BB71-54814D63191D}.Release|Any CPU.ActiveCfg = Release|Any CPU
		{D169DC4B-1AFA-4D77-BB71-54814D63191D}.Release|Any CPU.Build.0 = Release|Any CPU
		{D169DC4B-1AFA-4D77-BB71-54814D63191D}.Release|x86.ActiveCfg = Release|x86
		{D169DC4B-1AFA-4D77-BB71-54814D63191D}.Release|x86.Build.0 = Release|x86
	EndGlobalSection
	GlobalSection(SolutionProperties) = preSolution
		HideSolutionNode = FALSE
	EndGlobalSection
EndGlobal
