
Microsoft Visual Studio Solution File, Format Version 12.00
# Visual Studio Express 2012 for Windows Desktop
Project("{FAE04EC0-301F-11D3-BF4B-00C04F79EFBC}") = "01.StringBuilderExt", "01.StringBuilderExt\01.StringBuilderExt.csproj", "{7E2F9163-E9D7-40C6-AE45-3AAC8DC5505A}"
EndProject
Project("{FAE04EC0-301F-11D3-BF4B-00C04F79EFBC}") = "02.IEnumerableExt", "02.IEnumerableExt\02.IEnumerableExt.csproj", "{5B05E5F8-EFB0-4043-9B40-208A29F402A4}"
EndProject
Project("{FAE04EC0-301F-11D3-BF4B-00C04F79EFBC}") = "03.Students", "03.Students\03.Students.csproj", "{4EF4BB78-F91D-4CC0-BF64-FB2D353ECA56}"
EndProject
Project("{FAE04EC0-301F-11D3-BF4B-00C04F79EFBC}") = "04.StudentsAge", "04.StudentsAge\04.StudentsAge.csproj", "{3DA4B243-6BEB-42BC-960B-415DCCAAF6A5}"
EndProject
Project("{FAE04EC0-301F-11D3-BF4B-00C04F79EFBC}") = "05.OrderByThenBy", "05.OrderByThenBy\05.OrderByThenBy.csproj", "{2A10581D-A430-4DFA-855D-59EF9A9D77A1}"
EndProject
Project("{FAE04EC0-301F-11D3-BF4B-00C04F79EFBC}") = "06.PrintNumbers", "06.PrintNumbers\06.PrintNumbers.csproj", "{AB4DDE3F-4157-4E3A-A092-3E8FB5903FFA}"
EndProject
Project("{FAE04EC0-301F-11D3-BF4B-00C04F79EFBC}") = "07.Timer", "07.Timer\07.Timer.csproj", "{10761BF7-3E49-4EC3-8AB4-3A85A9F2FD5F}"
EndProject
Project("{FAE04EC0-301F-11D3-BF4B-00C04F79EFBC}") = "08.TimerEvent", "08.TimerEvent\08.TimerEvent.csproj", "{39CEC159-81E4-424C-A199-4D70C873E8CE}"
EndProject
Global
	GlobalSection(SolutionConfigurationPlatforms) = preSolution
		Debug|Any CPU = Debug|Any CPU
		Release|Any CPU = Release|Any CPU
	EndGlobalSection
	GlobalSection(ProjectConfigurationPlatforms) = postSolution
		{7E2F9163-E9D7-40C6-AE45-3AAC8DC5505A}.Debug|Any CPU.ActiveCfg = Debug|Any CPU
		{7E2F9163-E9D7-40C6-AE45-3AAC8DC5505A}.Debug|Any CPU.Build.0 = Debug|Any CPU
		{7E2F9163-E9D7-40C6-AE45-3AAC8DC5505A}.Release|Any CPU.ActiveCfg = Release|Any CPU
		{7E2F9163-E9D7-40C6-AE45-3AAC8DC5505A}.Release|Any CPU.Build.0 = Release|Any CPU
		{5B05E5F8-EFB0-4043-9B40-208A29F402A4}.Debug|Any CPU.ActiveCfg = Debug|Any CPU
		{5B05E5F8-EFB0-4043-9B40-208A29F402A4}.Debug|Any CPU.Build.0 = Debug|Any CPU
		{5B05E5F8-EFB0-4043-9B40-208A29F402A4}.Release|Any CPU.ActiveCfg = Release|Any CPU
		{5B05E5F8-EFB0-4043-9B40-208A29F402A4}.Release|Any CPU.Build.0 = Release|Any CPU
		{4EF4BB78-F91D-4CC0-BF64-FB2D353ECA56}.Debug|Any CPU.ActiveCfg = Debug|Any CPU
		{4EF4BB78-F91D-4CC0-BF64-FB2D353ECA56}.Debug|Any CPU.Build.0 = Debug|Any CPU
		{4EF4BB78-F91D-4CC0-BF64-FB2D353ECA56}.Release|Any CPU.ActiveCfg = Release|Any CPU
		{4EF4BB78-F91D-4CC0-BF64-FB2D353ECA56}.Release|Any CPU.Build.0 = Release|Any CPU
		{3DA4B243-6BEB-42BC-960B-415DCCAAF6A5}.Debug|Any CPU.ActiveCfg = Debug|Any CPU
		{3DA4B243-6BEB-42BC-960B-415DCCAAF6A5}.Debug|Any CPU.Build.0 = Debug|Any CPU
		{3DA4B243-6BEB-42BC-960B-415DCCAAF6A5}.Release|Any CPU.ActiveCfg = Release|Any CPU
		{3DA4B243-6BEB-42BC-960B-415DCCAAF6A5}.Release|Any CPU.Build.0 = Release|Any CPU
		{2A10581D-A430-4DFA-855D-59EF9A9D77A1}.Debug|Any CPU.ActiveCfg = Debug|Any CPU
		{2A10581D-A430-4DFA-855D-59EF9A9D77A1}.Debug|Any CPU.Build.0 = Debug|Any CPU
		{2A10581D-A430-4DFA-855D-59EF9A9D77A1}.Release|Any CPU.ActiveCfg = Release|Any CPU
		{2A10581D-A430-4DFA-855D-59EF9A9D77A1}.Release|Any CPU.Build.0 = Release|Any CPU
		{AB4DDE3F-4157-4E3A-A092-3E8FB5903FFA}.Debug|Any CPU.ActiveCfg = Debug|Any CPU
		{AB4DDE3F-4157-4E3A-A092-3E8FB5903FFA}.Debug|Any CPU.Build.0 = Debug|Any CPU
		{AB4DDE3F-4157-4E3A-A092-3E8FB5903FFA}.Release|Any CPU.ActiveCfg = Release|Any CPU
		{AB4DDE3F-4157-4E3A-A092-3E8FB5903FFA}.Release|Any CPU.Build.0 = Release|Any CPU
		{10761BF7-3E49-4EC3-8AB4-3A85A9F2FD5F}.Debug|Any CPU.ActiveCfg = Debug|Any CPU
		{10761BF7-3E49-4EC3-8AB4-3A85A9F2FD5F}.Debug|Any CPU.Build.0 = Debug|Any CPU
		{10761BF7-3E49-4EC3-8AB4-3A85A9F2FD5F}.Release|Any CPU.ActiveCfg = Release|Any CPU
		{10761BF7-3E49-4EC3-8AB4-3A85A9F2FD5F}.Release|Any CPU.Build.0 = Release|Any CPU
		{39CEC159-81E4-424C-A199-4D70C873E8CE}.Debug|Any CPU.ActiveCfg = Debug|Any CPU
		{39CEC159-81E4-424C-A199-4D70C873E8CE}.Debug|Any CPU.Build.0 = Debug|Any CPU
		{39CEC159-81E4-424C-A199-4D70C873E8CE}.Release|Any CPU.ActiveCfg = Release|Any CPU
		{39CEC159-81E4-424C-A199-4D70C873E8CE}.Release|Any CPU.Build.0 = Release|Any CPU
	EndGlobalSection
	GlobalSection(SolutionProperties) = preSolution
		HideSolutionNode = FALSE
	EndGlobalSection
EndGlobal
