
Microsoft Visual Studio Solution File, Format Version 12.00
# Visual Studio 2012
Project("{FAE04EC0-301F-11D3-BF4B-00C04F79EFBC}") = "01.StringBuilderExt", "01.StringBuilderExt\01.StringBuilderExt.csproj", "{7E2F9163-E9D7-40C6-AE45-3AAC8DC5505A}"
EndProject
Project("{FAE04EC0-301F-11D3-BF4B-00C04F79EFBC}") = "Test", "test\Test.csproj", "{8A386649-D57B-4A8B-871C-C438AC6912CD}"
EndProject
Project("{FAE04EC0-301F-11D3-BF4B-00C04F79EFBC}") = "02.IEnumerableExt", "02.IEnumerableExt\02.IEnumerableExt.csproj", "{5B05E5F8-EFB0-4043-9B40-208A29F402A4}"
EndProject
Global
	GlobalSection(SolutionConfigurationPlatforms) = preSolution
		Debug|Any CPU = Debug|Any CPU
		Release|Any CPU = Release|Any CPU
	EndGlobalSection
	GlobalSection(ProjectConfigurationPlatforms) = postSolution
		{7E2F9163-E9D7-40C6-AE45-3AAC8DC5505A}.Debug|Any CPU.ActiveCfg = Debug|Any CPU
		{7E2F9163-E9D7-40C6-AE45-3AAC8DC5505A}.Debug|Any CPU.Build.0 = Debug|Any CPU
		{7E2F9163-E9D7-40C6-AE45-3AAC8DC5505A}.Release|Any CPU.ActiveCfg = Release|Any CPU
		{7E2F9163-E9D7-40C6-AE45-3AAC8DC5505A}.Release|Any CPU.Build.0 = Release|Any CPU
		{8A386649-D57B-4A8B-871C-C438AC6912CD}.Debug|Any CPU.ActiveCfg = Debug|Any CPU
		{8A386649-D57B-4A8B-871C-C438AC6912CD}.Debug|Any CPU.Build.0 = Debug|Any CPU
		{8A386649-D57B-4A8B-871C-C438AC6912CD}.Release|Any CPU.ActiveCfg = Release|Any CPU
		{8A386649-D57B-4A8B-871C-C438AC6912CD}.Release|Any CPU.Build.0 = Release|Any CPU
		{5B05E5F8-EFB0-4043-9B40-208A29F402A4}.Debug|Any CPU.ActiveCfg = Debug|Any CPU
		{5B05E5F8-EFB0-4043-9B40-208A29F402A4}.Debug|Any CPU.Build.0 = Debug|Any CPU
		{5B05E5F8-EFB0-4043-9B40-208A29F402A4}.Release|Any CPU.ActiveCfg = Release|Any CPU
		{5B05E5F8-EFB0-4043-9B40-208A29F402A4}.Release|Any CPU.Build.0 = Release|Any CPU
	EndGlobalSection
	GlobalSection(SolutionProperties) = preSolution
		HideSolutionNode = FALSE
	EndGlobalSection
EndGlobal
