
Microsoft Visual Studio Solution File, Format Version 12.00
# Visual Studio 2013
VisualStudioVersion = 12.0.30110.0
MinimumVisualStudioVersion = 10.0.40219.1
Project("{FAE04EC0-301F-11D3-BF4B-00C04F79EFBC}") = "CSharp Code", "CSharp Code\CSharp Code.csproj", "{5B120CA2-E89F-4F64-8D0D-0991D98F70F0}"
EndProject
Project("{E24C65DC-7377-472B-9ABA-BC803B73C61A}") = "JavaScript Code", "http://localhost:4143", "{C9A587FD-765E-4A2F-A89B-BB354658FAA2}"
	ProjectSection(WebsiteProperties) = preProject
		UseIISExpress = "true"
		TargetFrameworkMoniker = ".NETFramework,Version%3Dv4.0"
		Debug.AspNetCompiler.VirtualPath = "/localhost_4143"
		Debug.AspNetCompiler.PhysicalPath = "JavaScript Code\"
		Debug.AspNetCompiler.TargetPath = "PrecompiledWeb\localhost_4143\"
		Debug.AspNetCompiler.Updateable = "true"
		Debug.AspNetCompiler.ForceOverwrite = "true"
		Debug.AspNetCompiler.FixedNames = "false"
		Debug.AspNetCompiler.Debug = "True"
		Release.AspNetCompiler.VirtualPath = "/localhost_4143"
		Release.AspNetCompiler.PhysicalPath = "JavaScript Code\"
		Release.AspNetCompiler.TargetPath = "PrecompiledWeb\localhost_4143\"
		Release.AspNetCompiler.Updateable = "true"
		Release.AspNetCompiler.ForceOverwrite = "true"
		Release.AspNetCompiler.FixedNames = "false"
		Release.AspNetCompiler.Debug = "False"
		SlnRelativePath = "JavaScript Code\"
	EndProjectSection
EndProject
Global
	GlobalSection(SolutionConfigurationPlatforms) = preSolution
		Debug|Any CPU = Debug|Any CPU
		Debug|ARM = Debug|ARM
		Debug|x64 = Debug|x64
		Debug|x86 = Debug|x86
		Release|Any CPU = Release|Any CPU
		Release|ARM = Release|ARM
		Release|x64 = Release|x64
		Release|x86 = Release|x86
	EndGlobalSection
	GlobalSection(ProjectConfigurationPlatforms) = postSolution
		{5B120CA2-E89F-4F64-8D0D-0991D98F70F0}.Debug|Any CPU.ActiveCfg = Debug|Any CPU
		{5B120CA2-E89F-4F64-8D0D-0991D98F70F0}.Debug|Any CPU.Build.0 = Debug|Any CPU
		{5B120CA2-E89F-4F64-8D0D-0991D98F70F0}.Debug|ARM.ActiveCfg = Debug|Any CPU
		{5B120CA2-E89F-4F64-8D0D-0991D98F70F0}.Debug|x64.ActiveCfg = Debug|Any CPU
		{5B120CA2-E89F-4F64-8D0D-0991D98F70F0}.Debug|x86.ActiveCfg = Debug|Any CPU
		{5B120CA2-E89F-4F64-8D0D-0991D98F70F0}.Release|Any CPU.ActiveCfg = Release|Any CPU
		{5B120CA2-E89F-4F64-8D0D-0991D98F70F0}.Release|Any CPU.Build.0 = Release|Any CPU
		{5B120CA2-E89F-4F64-8D0D-0991D98F70F0}.Release|ARM.ActiveCfg = Release|Any CPU
		{5B120CA2-E89F-4F64-8D0D-0991D98F70F0}.Release|x64.ActiveCfg = Release|Any CPU
		{5B120CA2-E89F-4F64-8D0D-0991D98F70F0}.Release|x86.ActiveCfg = Release|Any CPU
		{C9A587FD-765E-4A2F-A89B-BB354658FAA2}.Debug|Any CPU.ActiveCfg = Debug|Any CPU
		{C9A587FD-765E-4A2F-A89B-BB354658FAA2}.Debug|Any CPU.Build.0 = Debug|Any CPU
		{C9A587FD-765E-4A2F-A89B-BB354658FAA2}.Debug|ARM.ActiveCfg = Debug|Any CPU
		{C9A587FD-765E-4A2F-A89B-BB354658FAA2}.Debug|x64.ActiveCfg = Debug|Any CPU
		{C9A587FD-765E-4A2F-A89B-BB354658FAA2}.Debug|x86.ActiveCfg = Debug|Any CPU
		{C9A587FD-765E-4A2F-A89B-BB354658FAA2}.Release|Any CPU.ActiveCfg = Debug|Any CPU
		{C9A587FD-765E-4A2F-A89B-BB354658FAA2}.Release|Any CPU.Build.0 = Debug|Any CPU
		{C9A587FD-765E-4A2F-A89B-BB354658FAA2}.Release|ARM.ActiveCfg = Debug|Any CPU
		{C9A587FD-765E-4A2F-A89B-BB354658FAA2}.Release|x64.ActiveCfg = Debug|Any CPU
		{C9A587FD-765E-4A2F-A89B-BB354658FAA2}.Release|x86.ActiveCfg = Debug|Any CPU
	EndGlobalSection
	GlobalSection(SolutionProperties) = preSolution
		HideSolutionNode = FALSE
	EndGlobalSection
EndGlobal
