
Microsoft Visual Studio Solution File, Format Version 12.00
# Visual Studio 2013
VisualStudioVersion = 12.0.21005.1
MinimumVisualStudioVersion = 10.0.40219.1
Project("{FAE04EC0-301F-11D3-BF4B-00C04F79EFBC}") = "HelperLibrary", "HelperLibrary\HelperLibrary.csproj", "{77C212D5-55BA-4EB7-9BA6-137D8B009E24}"
EndProject
Project("{FAE04EC0-301F-11D3-BF4B-00C04F79EFBC}") = "Tests", "Tests\Tests.csproj", "{A0F210FA-7AFA-4E03-A65F-49105FE15243}"
EndProject
Project("{FAE04EC0-301F-11D3-BF4B-00C04F79EFBC}") = "01.PeaceOfCake", "01.Task1\01.PeaceOfCake.csproj", "{AE699880-8B1A-460D-AE3C-98C28A161DCE}"
EndProject
Project("{FAE04EC0-301F-11D3-BF4B-00C04F79EFBC}") = "02.AngryFemaleGPS", "02.Task2\02.AngryFemaleGPS.csproj", "{4BDB6169-0E9A-4C3A-99B3-E44B1B5B6E0C}"
EndProject
Project("{FAE04EC0-301F-11D3-BF4B-00C04F79EFBC}") = "03.OnesAndZeros-70_100", "03.Task3\03.OnesAndZeros-70_100.csproj", "{9D73F4D4-984B-4CCF-82DD-617A3287F34D}"
EndProject
Project("{FAE04EC0-301F-11D3-BF4B-00C04F79EFBC}") = "04.Eggcelent", "04.Task4\04.Eggcelent.csproj", "{4D505137-EB34-4FD4-93F9-54DCEC30176E}"
EndProject
Project("{FAE04EC0-301F-11D3-BF4B-00C04F79EFBC}") = "05.NaBabaMiSmetalnika", "05.Task5\05.NaBabaMiSmetalnika.csproj", "{9A1054F3-92B6-467E-B371-732D2D534A94}"
EndProject
Global
	GlobalSection(SolutionConfigurationPlatforms) = preSolution
		Debug|Any CPU = Debug|Any CPU
		Release|Any CPU = Release|Any CPU
	EndGlobalSection
	GlobalSection(ProjectConfigurationPlatforms) = postSolution
		{77C212D5-55BA-4EB7-9BA6-137D8B009E24}.Debug|Any CPU.ActiveCfg = Debug|Any CPU
		{77C212D5-55BA-4EB7-9BA6-137D8B009E24}.Debug|Any CPU.Build.0 = Debug|Any CPU
		{77C212D5-55BA-4EB7-9BA6-137D8B009E24}.Release|Any CPU.ActiveCfg = Release|Any CPU
		{77C212D5-55BA-4EB7-9BA6-137D8B009E24}.Release|Any CPU.Build.0 = Release|Any CPU
		{A0F210FA-7AFA-4E03-A65F-49105FE15243}.Debug|Any CPU.ActiveCfg = Debug|Any CPU
		{A0F210FA-7AFA-4E03-A65F-49105FE15243}.Debug|Any CPU.Build.0 = Debug|Any CPU
		{A0F210FA-7AFA-4E03-A65F-49105FE15243}.Release|Any CPU.ActiveCfg = Release|Any CPU
		{A0F210FA-7AFA-4E03-A65F-49105FE15243}.Release|Any CPU.Build.0 = Release|Any CPU
		{AE699880-8B1A-460D-AE3C-98C28A161DCE}.Debug|Any CPU.ActiveCfg = Debug|Any CPU
		{AE699880-8B1A-460D-AE3C-98C28A161DCE}.Debug|Any CPU.Build.0 = Debug|Any CPU
		{AE699880-8B1A-460D-AE3C-98C28A161DCE}.Release|Any CPU.ActiveCfg = Release|Any CPU
		{AE699880-8B1A-460D-AE3C-98C28A161DCE}.Release|Any CPU.Build.0 = Release|Any CPU
		{4BDB6169-0E9A-4C3A-99B3-E44B1B5B6E0C}.Debug|Any CPU.ActiveCfg = Debug|Any CPU
		{4BDB6169-0E9A-4C3A-99B3-E44B1B5B6E0C}.Debug|Any CPU.Build.0 = Debug|Any CPU
		{4BDB6169-0E9A-4C3A-99B3-E44B1B5B6E0C}.Release|Any CPU.ActiveCfg = Release|Any CPU
		{4BDB6169-0E9A-4C3A-99B3-E44B1B5B6E0C}.Release|Any CPU.Build.0 = Release|Any CPU
		{9D73F4D4-984B-4CCF-82DD-617A3287F34D}.Debug|Any CPU.ActiveCfg = Debug|Any CPU
		{9D73F4D4-984B-4CCF-82DD-617A3287F34D}.Debug|Any CPU.Build.0 = Debug|Any CPU
		{9D73F4D4-984B-4CCF-82DD-617A3287F34D}.Release|Any CPU.ActiveCfg = Release|Any CPU
		{9D73F4D4-984B-4CCF-82DD-617A3287F34D}.Release|Any CPU.Build.0 = Release|Any CPU
		{4D505137-EB34-4FD4-93F9-54DCEC30176E}.Debug|Any CPU.ActiveCfg = Debug|Any CPU
		{4D505137-EB34-4FD4-93F9-54DCEC30176E}.Debug|Any CPU.Build.0 = Debug|Any CPU
		{4D505137-EB34-4FD4-93F9-54DCEC30176E}.Release|Any CPU.ActiveCfg = Release|Any CPU
		{4D505137-EB34-4FD4-93F9-54DCEC30176E}.Release|Any CPU.Build.0 = Release|Any CPU
		{9A1054F3-92B6-467E-B371-732D2D534A94}.Debug|Any CPU.ActiveCfg = Debug|Any CPU
		{9A1054F3-92B6-467E-B371-732D2D534A94}.Debug|Any CPU.Build.0 = Debug|Any CPU
		{9A1054F3-92B6-467E-B371-732D2D534A94}.Release|Any CPU.ActiveCfg = Release|Any CPU
		{9A1054F3-92B6-467E-B371-732D2D534A94}.Release|Any CPU.Build.0 = Release|Any CPU
	EndGlobalSection
	GlobalSection(SolutionProperties) = preSolution
		HideSolutionNode = FALSE
	EndGlobalSection
EndGlobal
