
Microsoft Visual Studio Solution File, Format Version 12.00
# Visual Studio 2012
Project("{FAE04EC0-301F-11D3-BF4B-00C04F79EFBC}") = "01.DocumentSystem", "01.DocumentSystem\01.DocumentSystem.csproj", "{33176A6D-1C9E-4D6C-9644-48235FE5F755}"
EndProject
Global
	GlobalSection(SolutionConfigurationPlatforms) = preSolution
		Debug|Any CPU = Debug|Any CPU
		Release|Any CPU = Release|Any CPU
	EndGlobalSection
	GlobalSection(ProjectConfigurationPlatforms) = postSolution
		{33176A6D-1C9E-4D6C-9644-48235FE5F755}.Debug|Any CPU.ActiveCfg = Debug|Any CPU
		{33176A6D-1C9E-4D6C-9644-48235FE5F755}.Debug|Any CPU.Build.0 = Debug|Any CPU
		{33176A6D-1C9E-4D6C-9644-48235FE5F755}.Release|Any CPU.ActiveCfg = Release|Any CPU
		{33176A6D-1C9E-4D6C-9644-48235FE5F755}.Release|Any CPU.Build.0 = Release|Any CPU
	EndGlobalSection
	GlobalSection(SolutionProperties) = preSolution
		HideSolutionNode = FALSE
	EndGlobalSection
EndGlobal
