
Microsoft Visual Studio Solution File, Format Version 12.00
# Visual Studio 2012
Project("{FAE04EC0-301F-11D3-BF4B-00C04F79EFBC}") = "1.TwentyIntegers", "1.TwentyIntegers\1.TwentyIntegers.csproj", "{550EE784-E4D0-41B4-AAA9-AA85932C15CD}"
EndProject
Project("{FAE04EC0-301F-11D3-BF4B-00C04F79EFBC}") = "2.CompareTwoArrays", "2.CompareTwoArrays\2.CompareTwoArrays.csproj", "{ACEE0818-AF8F-4718-BF17-3B93E33642BE}"
EndProject
Project("{FAE04EC0-301F-11D3-BF4B-00C04F79EFBC}") = "3.LexicographicalArrayCompare", "3.LexicographicalArrayCompare\3.LexicographicalArrayCompare.csproj", "{0BFB8159-298B-4B23-B352-AA1D89E1ECBF}"
EndProject
Project("{FAE04EC0-301F-11D3-BF4B-00C04F79EFBC}") = "4.MaximalSequence", "4.MaximalSequence\4.MaximalSequence.csproj", "{45BC341E-9DA6-4939-9DB7-52DFFDC34D72}"
EndProject
Project("{FAE04EC0-301F-11D3-BF4B-00C04F79EFBC}") = "5.MaximalIncreasingSequence", "5.MaximalIncreasingSequence\5.MaximalIncreasingSequence.csproj", "{A9F3BD37-8713-494C-AFC1-010D742C9E22}"
EndProject
Project("{FAE04EC0-301F-11D3-BF4B-00C04F79EFBC}") = "6.MaximalSum", "6.MaximalSum\6.MaximalSum.csproj", "{2BA6958C-313C-4BBC-BEC6-B14453EF1CB7}"
EndProject
Project("{FAE04EC0-301F-11D3-BF4B-00C04F79EFBC}") = "7.SelectionSort", "7.SelectionSort\7.SelectionSort.csproj", "{459C9488-60BF-4255-ABEB-CC6A15D0A9B0}"
EndProject
Project("{FAE04EC0-301F-11D3-BF4B-00C04F79EFBC}") = "8.SequenceMaximalSum", "8.SequenceMaximalSum\8.SequenceMaximalSum.csproj", "{D5C4A068-11F5-48B0-883F-88730EA9FFA4}"
EndProject
Project("{FAE04EC0-301F-11D3-BF4B-00C04F79EFBC}") = "9.MostFrequentNumber", "9.MostFrequentNumber\9.MostFrequentNumber.csproj", "{31CA7EF1-3818-4EB6-8513-33C24C790582}"
EndProject
Project("{FAE04EC0-301F-11D3-BF4B-00C04F79EFBC}") = "10.FindSum", "10.FindSum\10.FindSum.csproj", "{F282F7F0-31B8-4DCF-B785-05E18FA8E393}"
EndProject
Project("{FAE04EC0-301F-11D3-BF4B-00C04F79EFBC}") = "11.BinarySearch", "11.BinarySearch\11.BinarySearch.csproj", "{0C4FA2EE-6999-49D3-8D43-0957CB963756}"
EndProject
Project("{FAE04EC0-301F-11D3-BF4B-00C04F79EFBC}") = "12.AlphabetArray", "12.AlphabetArray\12.AlphabetArray.csproj", "{904E52B2-E8F7-4C13-96DC-1E6D28FA23FD}"
EndProject
Project("{FAE04EC0-301F-11D3-BF4B-00C04F79EFBC}") = "13.MergeSort", "13.MergeSort\13.MergeSort.csproj", "{B90FDA22-E02C-4248-97F5-434DF2C289AE}"
EndProject
Project("{FAE04EC0-301F-11D3-BF4B-00C04F79EFBC}") = "14. QuickSort", "14. QuickSort\14. QuickSort.csproj", "{E9FE3E3C-2E42-4770-8223-9D91CB768748}"
EndProject
Project("{FAE04EC0-301F-11D3-BF4B-00C04F79EFBC}") = "15.FindAllPrimeNumbers", "15.FindAllPrimeNumbers\15.FindAllPrimeNumbers.csproj", "{222AB3CD-E7E4-4DE8-8592-083D3DCE95C3}"
EndProject
Project("{FAE04EC0-301F-11D3-BF4B-00C04F79EFBC}") = "16.SubsetsSum", "16.SubsetsSum\16.SubsetsSum.csproj", "{B26E30D9-8D09-47A0-B97A-62219634BAB5}"
EndProject
Project("{FAE04EC0-301F-11D3-BF4B-00C04F79EFBC}") = "17.ThreeIntSubsetSum", "17.ThreeIntSubsetSum\17.ThreeIntSubsetSum.csproj", "{F366DA98-E57D-4911-9AD8-B75FF6342153}"
EndProject
Project("{FAE04EC0-301F-11D3-BF4B-00C04F79EFBC}") = "18.RemoveToSort", "18.RemoveToSort\18.RemoveToSort.csproj", "{AD04EBC0-FF33-4066-BFF7-30FC40DCC84D}"
EndProject
Project("{FAE04EC0-301F-11D3-BF4B-00C04F79EFBC}") = "19.Permutations - not", "19.Permutations\19.Permutations - not.csproj", "{4BCAA321-BF6C-4AFB-96C0-8C441E3617A3}"
EndProject
Project("{FAE04EC0-301F-11D3-BF4B-00C04F79EFBC}") = "20.Variations", "20.Variations\20.Variations.csproj", "{0C92B0A3-B737-493F-B5A8-B43E73200BED}"
EndProject
Project("{FAE04EC0-301F-11D3-BF4B-00C04F79EFBC}") = "21.CombinationsDistinct", "21.CombinationsDistinct\21.CombinationsDistinct.csproj", "{D169DC4B-1AFA-4D77-BB71-54814D63191D}"
EndProject
Global
	GlobalSection(SolutionConfigurationPlatforms) = preSolution
		Debug|Any CPU = Debug|Any CPU
		Debug|x86 = Debug|x86
		Release|Any CPU = Release|Any CPU
		Release|x86 = Release|x86
	EndGlobalSection
	GlobalSection(ProjectConfigurationPlatforms) = postSolution
		{550EE784-E4D0-41B4-AAA9-AA85932C15CD}.Debug|Any CPU.ActiveCfg = Debug|Any CPU
		{550EE784-E4D0-41B4-AAA9-AA85932C15CD}.Debug|Any CPU.Build.0 = Debug|Any CPU
		{550EE784-E4D0-41B4-AAA9-AA85932C15CD}.Debug|x86.ActiveCfg = Debug|x86
		{550EE784-E4D0-41B4-AAA9-AA85932C15CD}.Debug|x86.Build.0 = Debug|x86
		{550EE784-E4D0-41B4-AAA9-AA85932C15CD}.Release|Any CPU.ActiveCfg = Release|Any CPU
		{550EE784-E4D0-41B4-AAA9-AA85932C15CD}.Release|Any CPU.Build.0 = Release|Any CPU
		{550EE784-E4D0-41B4-AAA9-AA85932C15CD}.Release|x86.ActiveCfg = Release|x86
		{550EE784-E4D0-41B4-AAA9-AA85932C15CD}.Release|x86.Build.0 = Release|x86
		{ACEE0818-AF8F-4718-BF17-3B93E33642BE}.Debug|Any CPU.ActiveCfg = Debug|Any CPU
		{ACEE0818-AF8F-4718-BF17-3B93E33642BE}.Debug|Any CPU.Build.0 = Debug|Any CPU
		{ACEE0818-AF8F-4718-BF17-3B93E33642BE}.Debug|x86.ActiveCfg = Debug|x86
		{ACEE0818-AF8F-4718-BF17-3B93E33642BE}.Debug|x86.Build.0 = Debug|x86
		{ACEE0818-AF8F-4718-BF17-3B93E33642BE}.Release|Any CPU.ActiveCfg = Release|Any CPU
		{ACEE0818-AF8F-4718-BF17-3B93E33642BE}.Release|Any CPU.Build.0 = Release|Any CPU
		{ACEE0818-AF8F-4718-BF17-3B93E33642BE}.Release|x86.ActiveCfg = Release|x86
		{ACEE0818-AF8F-4718-BF17-3B93E33642BE}.Release|x86.Build.0 = Release|x86
		{0BFB8159-298B-4B23-B352-AA1D89E1ECBF}.Debug|Any CPU.ActiveCfg = Debug|Any CPU
		{0BFB8159-298B-4B23-B352-AA1D89E1ECBF}.Debug|Any CPU.Build.0 = Debug|Any CPU
		{0BFB8159-298B-4B23-B352-AA1D89E1ECBF}.Debug|x86.ActiveCfg = Debug|x86
		{0BFB8159-298B-4B23-B352-AA1D89E1ECBF}.Debug|x86.Build.0 = Debug|x86
		{0BFB8159-298B-4B23-B352-AA1D89E1ECBF}.Release|Any CPU.ActiveCfg = Release|Any CPU
		{0BFB8159-298B-4B23-B352-AA1D89E1ECBF}.Release|Any CPU.Build.0 = Release|Any CPU
		{0BFB8159-298B-4B23-B352-AA1D89E1ECBF}.Release|x86.ActiveCfg = Release|x86
		{0BFB8159-298B-4B23-B352-AA1D89E1ECBF}.Release|x86.Build.0 = Release|x86
		{45BC341E-9DA6-4939-9DB7-52DFFDC34D72}.Debug|Any CPU.ActiveCfg = Debug|Any CPU
		{45BC341E-9DA6-4939-9DB7-52DFFDC34D72}.Debug|Any CPU.Build.0 = Debug|Any CPU
		{45BC341E-9DA6-4939-9DB7-52DFFDC34D72}.Debug|x86.ActiveCfg = Debug|x86
		{45BC341E-9DA6-4939-9DB7-52DFFDC34D72}.Debug|x86.Build.0 = Debug|x86
		{45BC341E-9DA6-4939-9DB7-52DFFDC34D72}.Release|Any CPU.ActiveCfg = Release|Any CPU
		{45BC341E-9DA6-4939-9DB7-52DFFDC34D72}.Release|Any CPU.Build.0 = Release|Any CPU
		{45BC341E-9DA6-4939-9DB7-52DFFDC34D72}.Release|x86.ActiveCfg = Release|x86
		{45BC341E-9DA6-4939-9DB7-52DFFDC34D72}.Release|x86.Build.0 = Release|x86
		{A9F3BD37-8713-494C-AFC1-010D742C9E22}.Debug|Any CPU.ActiveCfg = Debug|Any CPU
		{A9F3BD37-8713-494C-AFC1-010D742C9E22}.Debug|Any CPU.Build.0 = Debug|Any CPU
		{A9F3BD37-8713-494C-AFC1-010D742C9E22}.Debug|x86.ActiveCfg = Debug|x86
		{A9F3BD37-8713-494C-AFC1-010D742C9E22}.Debug|x86.Build.0 = Debug|x86
		{A9F3BD37-8713-494C-AFC1-010D742C9E22}.Release|Any CPU.ActiveCfg = Release|Any CPU
		{A9F3BD37-8713-494C-AFC1-010D742C9E22}.Release|Any CPU.Build.0 = Release|Any CPU
		{A9F3BD37-8713-494C-AFC1-010D742C9E22}.Release|x86.ActiveCfg = Release|x86
		{A9F3BD37-8713-494C-AFC1-010D742C9E22}.Release|x86.Build.0 = Release|x86
		{2BA6958C-313C-4BBC-BEC6-B14453EF1CB7}.Debug|Any CPU.ActiveCfg = Debug|Any CPU
		{2BA6958C-313C-4BBC-BEC6-B14453EF1CB7}.Debug|Any CPU.Build.0 = Debug|Any CPU
		{2BA6958C-313C-4BBC-BEC6-B14453EF1CB7}.Debug|x86.ActiveCfg = Debug|x86
		{2BA6958C-313C-4BBC-BEC6-B14453EF1CB7}.Debug|x86.Build.0 = Debug|x86
		{2BA6958C-313C-4BBC-BEC6-B14453EF1CB7}.Release|Any CPU.ActiveCfg = Release|Any CPU
		{2BA6958C-313C-4BBC-BEC6-B14453EF1CB7}.Release|Any CPU.Build.0 = Release|Any CPU
		{2BA6958C-313C-4BBC-BEC6-B14453EF1CB7}.Release|x86.ActiveCfg = Release|x86
		{2BA6958C-313C-4BBC-BEC6-B14453EF1CB7}.Release|x86.Build.0 = Release|x86
		{459C9488-60BF-4255-ABEB-CC6A15D0A9B0}.Debug|Any CPU.ActiveCfg = Debug|Any CPU
		{459C9488-60BF-4255-ABEB-CC6A15D0A9B0}.Debug|Any CPU.Build.0 = Debug|Any CPU
		{459C9488-60BF-4255-ABEB-CC6A15D0A9B0}.Debug|x86.ActiveCfg = Debug|x86
		{459C9488-60BF-4255-ABEB-CC6A15D0A9B0}.Debug|x86.Build.0 = Debug|x86
		{459C9488-60BF-4255-ABEB-CC6A15D0A9B0}.Release|Any CPU.ActiveCfg = Release|Any CPU
		{459C9488-60BF-4255-ABEB-CC6A15D0A9B0}.Release|Any CPU.Build.0 = Release|Any CPU
		{459C9488-60BF-4255-ABEB-CC6A15D0A9B0}.Release|x86.ActiveCfg = Release|x86
		{459C9488-60BF-4255-ABEB-CC6A15D0A9B0}.Release|x86.Build.0 = Release|x86
		{D5C4A068-11F5-48B0-883F-88730EA9FFA4}.Debug|Any CPU.ActiveCfg = Debug|Any CPU
		{D5C4A068-11F5-48B0-883F-88730EA9FFA4}.Debug|Any CPU.Build.0 = Debug|Any CPU
		{D5C4A068-11F5-48B0-883F-88730EA9FFA4}.Debug|x86.ActiveCfg = Debug|x86
		{D5C4A068-11F5-48B0-883F-88730EA9FFA4}.Debug|x86.Build.0 = Debug|x86
		{D5C4A068-11F5-48B0-883F-88730EA9FFA4}.Release|Any CPU.ActiveCfg = Release|Any CPU
		{D5C4A068-11F5-48B0-883F-88730EA9FFA4}.Release|Any CPU.Build.0 = Release|Any CPU
		{D5C4A068-11F5-48B0-883F-88730EA9FFA4}.Release|x86.ActiveCfg = Release|x86
		{D5C4A068-11F5-48B0-883F-88730EA9FFA4}.Release|x86.Build.0 = Release|x86
		{31CA7EF1-3818-4EB6-8513-33C24C790582}.Debug|Any CPU.ActiveCfg = Debug|Any CPU
		{31CA7EF1-3818-4EB6-8513-33C24C790582}.Debug|Any CPU.Build.0 = Debug|Any CPU
		{31CA7EF1-3818-4EB6-8513-33C24C790582}.Debug|x86.ActiveCfg = Debug|x86
		{31CA7EF1-3818-4EB6-8513-33C24C790582}.Debug|x86.Build.0 = Debug|x86
		{31CA7EF1-3818-4EB6-8513-33C24C790582}.Release|Any CPU.ActiveCfg = Release|Any CPU
		{31CA7EF1-3818-4EB6-8513-33C24C790582}.Release|Any CPU.Build.0 = Release|Any CPU
		{31CA7EF1-3818-4EB6-8513-33C24C790582}.Release|x86.ActiveCfg = Release|x86
		{31CA7EF1-3818-4EB6-8513-33C24C790582}.Release|x86.Build.0 = Release|x86
		{F282F7F0-31B8-4DCF-B785-05E18FA8E393}.Debug|Any CPU.ActiveCfg = Debug|Any CPU
		{F282F7F0-31B8-4DCF-B785-05E18FA8E393}.Debug|Any CPU.Build.0 = Debug|Any CPU
		{F282F7F0-31B8-4DCF-B785-05E18FA8E393}.Debug|x86.ActiveCfg = Debug|x86
		{F282F7F0-31B8-4DCF-B785-05E18FA8E393}.Debug|x86.Build.0 = Debug|x86
		{F282F7F0-31B8-4DCF-B785-05E18FA8E393}.Release|Any CPU.ActiveCfg = Release|Any CPU
		{F282F7F0-31B8-4DCF-B785-05E18FA8E393}.Release|Any CPU.Build.0 = Release|Any CPU
		{F282F7F0-31B8-4DCF-B785-05E18FA8E393}.Release|x86.ActiveCfg = Release|x86
		{F282F7F0-31B8-4DCF-B785-05E18FA8E393}.Release|x86.Build.0 = Release|x86
		{0C4FA2EE-6999-49D3-8D43-0957CB963756}.Debug|Any CPU.ActiveCfg = Debug|Any CPU
		{0C4FA2EE-6999-49D3-8D43-0957CB963756}.Debug|Any CPU.Build.0 = Debug|Any CPU
		{0C4FA2EE-6999-49D3-8D43-0957CB963756}.Debug|x86.ActiveCfg = Debug|x86
		{0C4FA2EE-6999-49D3-8D43-0957CB963756}.Debug|x86.Build.0 = Debug|x86
		{0C4FA2EE-6999-49D3-8D43-0957CB963756}.Release|Any CPU.ActiveCfg = Release|Any CPU
		{0C4FA2EE-6999-49D3-8D43-0957CB963756}.Release|Any CPU.Build.0 = Release|Any CPU
		{0C4FA2EE-6999-49D3-8D43-0957CB963756}.Release|x86.ActiveCfg = Release|x86
		{0C4FA2EE-6999-49D3-8D43-0957CB963756}.Release|x86.Build.0 = Release|x86
		{904E52B2-E8F7-4C13-96DC-1E6D28FA23FD}.Debug|Any CPU.ActiveCfg = Debug|Any CPU
		{904E52B2-E8F7-4C13-96DC-1E6D28FA23FD}.Debug|Any CPU.Build.0 = Debug|Any CPU
		{904E52B2-E8F7-4C13-96DC-1E6D28FA23FD}.Debug|x86.ActiveCfg = Debug|x86
		{904E52B2-E8F7-4C13-96DC-1E6D28FA23FD}.Debug|x86.Build.0 = Debug|x86
		{904E52B2-E8F7-4C13-96DC-1E6D28FA23FD}.Release|Any CPU.ActiveCfg = Release|Any CPU
		{904E52B2-E8F7-4C13-96DC-1E6D28FA23FD}.Release|Any CPU.Build.0 = Release|Any CPU
		{904E52B2-E8F7-4C13-96DC-1E6D28FA23FD}.Release|x86.ActiveCfg = Release|x86
		{904E52B2-E8F7-4C13-96DC-1E6D28FA23FD}.Release|x86.Build.0 = Release|x86
		{B90FDA22-E02C-4248-97F5-434DF2C289AE}.Debug|Any CPU.ActiveCfg = Debug|Any CPU
		{B90FDA22-E02C-4248-97F5-434DF2C289AE}.Debug|Any CPU.Build.0 = Debug|Any CPU
		{B90FDA22-E02C-4248-97F5-434DF2C289AE}.Debug|x86.ActiveCfg = Debug|x86
		{B90FDA22-E02C-4248-97F5-434DF2C289AE}.Debug|x86.Build.0 = Debug|x86
		{B90FDA22-E02C-4248-97F5-434DF2C289AE}.Release|Any CPU.ActiveCfg = Release|Any CPU
		{B90FDA22-E02C-4248-97F5-434DF2C289AE}.Release|Any CPU.Build.0 = Release|Any CPU
		{B90FDA22-E02C-4248-97F5-434DF2C289AE}.Release|x86.ActiveCfg = Release|x86
		{B90FDA22-E02C-4248-97F5-434DF2C289AE}.Release|x86.Build.0 = Release|x86
		{E9FE3E3C-2E42-4770-8223-9D91CB768748}.Debug|Any CPU.ActiveCfg = Debug|Any CPU
		{E9FE3E3C-2E42-4770-8223-9D91CB768748}.Debug|Any CPU.Build.0 = Debug|Any CPU
		{E9FE3E3C-2E42-4770-8223-9D91CB768748}.Debug|x86.ActiveCfg = Debug|x86
		{E9FE3E3C-2E42-4770-8223-9D91CB768748}.Debug|x86.Build.0 = Debug|x86
		{E9FE3E3C-2E42-4770-8223-9D91CB768748}.Release|Any CPU.ActiveCfg = Release|Any CPU
		{E9FE3E3C-2E42-4770-8223-9D91CB768748}.Release|Any CPU.Build.0 = Release|Any CPU
		{E9FE3E3C-2E42-4770-8223-9D91CB768748}.Release|x86.ActiveCfg = Release|x86
		{E9FE3E3C-2E42-4770-8223-9D91CB768748}.Release|x86.Build.0 = Release|x86
		{222AB3CD-E7E4-4DE8-8592-083D3DCE95C3}.Debug|Any CPU.ActiveCfg = Debug|Any CPU
		{222AB3CD-E7E4-4DE8-8592-083D3DCE95C3}.Debug|Any CPU.Build.0 = Debug|Any CPU
		{222AB3CD-E7E4-4DE8-8592-083D3DCE95C3}.Debug|x86.ActiveCfg = Debug|x86
		{222AB3CD-E7E4-4DE8-8592-083D3DCE95C3}.Debug|x86.Build.0 = Debug|x86
		{222AB3CD-E7E4-4DE8-8592-083D3DCE95C3}.Release|Any CPU.ActiveCfg = Release|Any CPU
		{222AB3CD-E7E4-4DE8-8592-083D3DCE95C3}.Release|Any CPU.Build.0 = Release|Any CPU
		{222AB3CD-E7E4-4DE8-8592-083D3DCE95C3}.Release|x86.ActiveCfg = Release|x86
		{222AB3CD-E7E4-4DE8-8592-083D3DCE95C3}.Release|x86.Build.0 = Release|x86
		{B26E30D9-8D09-47A0-B97A-62219634BAB5}.Debug|Any CPU.ActiveCfg = Debug|Any CPU
		{B26E30D9-8D09-47A0-B97A-62219634BAB5}.Debug|Any CPU.Build.0 = Debug|Any CPU
		{B26E30D9-8D09-47A0-B97A-62219634BAB5}.Debug|x86.ActiveCfg = Debug|x86
		{B26E30D9-8D09-47A0-B97A-62219634BAB5}.Debug|x86.Build.0 = Debug|x86
		{B26E30D9-8D09-47A0-B97A-62219634BAB5}.Release|Any CPU.ActiveCfg = Release|Any CPU
		{B26E30D9-8D09-47A0-B97A-62219634BAB5}.Release|Any CPU.Build.0 = Release|Any CPU
		{B26E30D9-8D09-47A0-B97A-62219634BAB5}.Release|x86.ActiveCfg = Release|x86
		{B26E30D9-8D09-47A0-B97A-62219634BAB5}.Release|x86.Build.0 = Release|x86
		{F366DA98-E57D-4911-9AD8-B75FF6342153}.Debug|Any CPU.ActiveCfg = Debug|Any CPU
		{F366DA98-E57D-4911-9AD8-B75FF6342153}.Debug|Any CPU.Build.0 = Debug|Any CPU
		{F366DA98-E57D-4911-9AD8-B75FF6342153}.Debug|x86.ActiveCfg = Debug|x86
		{F366DA98-E57D-4911-9AD8-B75FF6342153}.Debug|x86.Build.0 = Debug|x86
		{F366DA98-E57D-4911-9AD8-B75FF6342153}.Release|Any CPU.ActiveCfg = Release|Any CPU
		{F366DA98-E57D-4911-9AD8-B75FF6342153}.Release|Any CPU.Build.0 = Release|Any CPU
		{F366DA98-E57D-4911-9AD8-B75FF6342153}.Release|x86.ActiveCfg = Release|x86
		{F366DA98-E57D-4911-9AD8-B75FF6342153}.Release|x86.Build.0 = Release|x86
		{AD04EBC0-FF33-4066-BFF7-30FC40DCC84D}.Debug|Any CPU.ActiveCfg = Debug|Any CPU
		{AD04EBC0-FF33-4066-BFF7-30FC40DCC84D}.Debug|Any CPU.Build.0 = Debug|Any CPU
		{AD04EBC0-FF33-4066-BFF7-30FC40DCC84D}.Debug|x86.ActiveCfg = Debug|x86
		{AD04EBC0-FF33-4066-BFF7-30FC40DCC84D}.Debug|x86.Build.0 = Debug|x86
		{AD04EBC0-FF33-4066-BFF7-30FC40DCC84D}.Release|Any CPU.ActiveCfg = Release|Any CPU
		{AD04EBC0-FF33-4066-BFF7-30FC40DCC84D}.Release|Any CPU.Build.0 = Release|Any CPU
		{AD04EBC0-FF33-4066-BFF7-30FC40DCC84D}.Release|x86.ActiveCfg = Release|x86
		{AD04EBC0-FF33-4066-BFF7-30FC40DCC84D}.Release|x86.Build.0 = Release|x86
		{4BCAA321-BF6C-4AFB-96C0-8C441E3617A3}.Debug|Any CPU.ActiveCfg = Debug|Any CPU
		{4BCAA321-BF6C-4AFB-96C0-8C441E3617A3}.Debug|Any CPU.Build.0 = Debug|Any CPU
		{4BCAA321-BF6C-4AFB-96C0-8C441E3617A3}.Debug|x86.ActiveCfg = Debug|x86
		{4BCAA321-BF6C-4AFB-96C0-8C441E3617A3}.Debug|x86.Build.0 = Debug|x86
		{4BCAA321-BF6C-4AFB-96C0-8C441E3617A3}.Release|Any CPU.ActiveCfg = Release|Any CPU
		{4BCAA321-BF6C-4AFB-96C0-8C441E3617A3}.Release|Any CPU.Build.0 = Release|Any CPU
		{4BCAA321-BF6C-4AFB-96C0-8C441E3617A3}.Release|x86.ActiveCfg = Release|x86
		{4BCAA321-BF6C-4AFB-96C0-8C441E3617A3}.Release|x86.Build.0 = Release|x86
		{0C92B0A3-B737-493F-B5A8-B43E73200BED}.Debug|Any CPU.ActiveCfg = Debug|Any CPU
		{0C92B0A3-B737-493F-B5A8-B43E73200BED}.Debug|Any CPU.Build.0 = Debug|Any CPU
		{0C92B0A3-B737-493F-B5A8-B43E73200BED}.Debug|x86.ActiveCfg = Debug|x86
		{0C92B0A3-B737-493F-B5A8-B43E73200BED}.Debug|x86.Build.0 = Debug|x86
		{0C92B0A3-B737-493F-B5A8-B43E73200BED}.Release|Any CPU.ActiveCfg = Release|Any CPU
		{0C92B0A3-B737-493F-B5A8-B43E73200BED}.Release|Any CPU.Build.0 = Release|Any CPU
		{0C92B0A3-B737-493F-B5A8-B43E73200BED}.Release|x86.ActiveCfg = Release|x86
		{0C92B0A3-B737-493F-B5A8-B43E73200BED}.Release|x86.Build.0 = Release|x86
		{D169DC4B-1AFA-4D77-BB71-54814D63191D}.Debug|Any CPU.ActiveCfg = Debug|Any CPU
		{D169DC4B-1AFA-4D77-BB71-54814D63191D}.Debug|Any CPU.Build.0 = Debug|Any CPU
		{D169DC4B-1AFA-4D77-BB71-54814D63191D}.Debug|x86.ActiveCfg = Debug|x86
		{D169DC4B-1AFA-4D77-BB71-54814D63191D}.Debug|x86.Build.0 = Debug|x86
		{D169DC4B-1AFA-4D77-BB71-54814D63191D}.Release|Any CPU.ActiveCfg = Release|Any CPU
		{D169DC4B-1AFA-4D77-BB71-54814D63191D}.Release|Any CPU.Build.0 = Release|Any CPU
		{D169DC4B-1AFA-4D77-BB71-54814D63191D}.Release|x86.ActiveCfg = Release|x86
		{D169DC4B-1AFA-4D77-BB71-54814D63191D}.Release|x86.Build.0 = Release|x86
	EndGlobalSection
	GlobalSection(SolutionProperties) = preSolution
		HideSolutionNode = FALSE
	EndGlobalSection
EndGlobal
